{
  "version": "3",
  "packages": {
    "specifiers": {
      "jsr:@cross/deepmerge@^1.0.0": "jsr:@cross/deepmerge@1.0.0",
      "jsr:@oak/commons@0.11": "jsr:@oak/commons@0.11.0",
      "jsr:@oak/oak@^16.0.0": "jsr:@oak/oak@16.1.0",
      "jsr:@std/assert@0.223": "jsr:@std/assert@0.223.0",
      "jsr:@std/assert@0.226": "jsr:@std/assert@0.226.0",
      "jsr:@std/assert@1.0.0-rc.2": "jsr:@std/assert@1.0.0-rc.2",
      "jsr:@std/assert@^0.223.0": "jsr:@std/assert@0.223.0",
      "jsr:@std/assert@^0.224.0": "jsr:@std/assert@0.224.0",
      "jsr:@std/assert@^0.225.3": "jsr:@std/assert@0.225.3",
      "jsr:@std/assert@^0.226.0": "jsr:@std/assert@0.226.0",
      "jsr:@std/bytes@0.223": "jsr:@std/bytes@0.223.0",
      "jsr:@std/bytes@0.224": "jsr:@std/bytes@0.224.0",
      "jsr:@std/bytes@^0.223.0": "jsr:@std/bytes@0.223.0",
      "jsr:@std/bytes@^1.0.1-rc.3": "jsr:@std/bytes@1.0.2",
      "jsr:@std/crypto@0.223": "jsr:@std/crypto@0.223.0",
      "jsr:@std/crypto@0.224": "jsr:@std/crypto@0.224.0",
      "jsr:@std/crypto@^0.224.0": "jsr:@std/crypto@0.224.0",
      "jsr:@std/encoding@1.0.0-rc.2": "jsr:@std/encoding@1.0.0-rc.2",
      "jsr:@std/encoding@^0.223.0": "jsr:@std/encoding@0.223.0",
      "jsr:@std/encoding@^0.224.0": "jsr:@std/encoding@0.224.3",
      "jsr:@std/fmt@^0.224.0": "jsr:@std/fmt@0.224.0",
      "jsr:@std/fs@^0.224.0": "jsr:@std/fs@0.224.0",
      "jsr:@std/http@0.223": "jsr:@std/http@0.223.0",
      "jsr:@std/http@0.224": "jsr:@std/http@0.224.5",
      "jsr:@std/internal@^0.224.0": "jsr:@std/internal@0.224.0",
      "jsr:@std/internal@^1.0.0": "jsr:@std/internal@1.0.1",
      "jsr:@std/io@0.223": "jsr:@std/io@0.223.0",
      "jsr:@std/io@^0.224.3": "jsr:@std/io@0.224.3",
      "jsr:@std/media-types@0.223": "jsr:@std/media-types@0.223.0",
      "jsr:@std/media-types@0.224": "jsr:@std/media-types@0.224.1",
      "jsr:@std/path@0.223": "jsr:@std/path@0.223.0",
      "jsr:@std/path@^0.224.0": "jsr:@std/path@0.224.0",
      "jsr:@std/path@^0.225.1": "jsr:@std/path@0.225.2",
      "jsr:@std/testing@^0.224.0": "jsr:@std/testing@0.224.0",
      "jsr:@std/testing@^0.225.3": "jsr:@std/testing@0.225.3",
      "jsr:@std/yaml@^0.224.0": "jsr:@std/yaml@0.224.3",
      "npm:@types/node": "npm:@types/node@18.16.19",
      "npm:highlight.js@11.10.0": "npm:highlight.js@11.10.0",
      "npm:path-to-regexp@6.2.1": "npm:path-to-regexp@6.2.1"
    },
    "jsr": {
      "@cross/deepmerge@1.0.0": {
        "integrity": "1e1318a74e31ba1959b9aa0acae8bd417b806f74ffd25ac07c90e12f83ad6b1d"
      },
      "@oak/commons@0.11.0": {
        "integrity": "07702bfe5c07cd8144c422022994da1f9fea466b185824f4be63a2b1b1a65125",
        "dependencies": [
          "jsr:@std/assert@0.226",
          "jsr:@std/bytes@0.224",
          "jsr:@std/crypto@0.224",
          "jsr:@std/http@0.224",
          "jsr:@std/media-types@0.224"
        ]
      },
      "@oak/oak@16.1.0": {
        "integrity": "ab21506555fffeb08dc8f45ff5d28607e8087949ff58bd2964b27df65994480b",
        "dependencies": [
          "jsr:@oak/commons@0.11",
          "jsr:@std/assert@0.223",
          "jsr:@std/bytes@0.223",
          "jsr:@std/crypto@0.223",
          "jsr:@std/http@0.223",
          "jsr:@std/io@0.223",
          "jsr:@std/media-types@0.223",
          "jsr:@std/path@0.223",
          "npm:path-to-regexp@6.2.1"
        ]
      },
      "@std/assert@0.223.0": {
        "integrity": "eb8d6d879d76e1cc431205bd346ed4d88dc051c6366365b1af47034b0670be24"
      },
      "@std/assert@0.224.0": {
        "integrity": "8643233ec7aec38a940a8264a6e3eed9bfa44e7a71cc6b3c8874213ff401967f",
        "dependencies": [
          "jsr:@std/fmt@^0.224.0",
          "jsr:@std/internal@^0.224.0"
        ]
      },
      "@std/assert@0.225.3": {
        "integrity": "b3c2847aecf6955b50644cdb9cf072004ea3d1998dd7579fc0acb99dbb23bd4f",
        "dependencies": [
          "jsr:@std/internal@^1.0.0"
        ]
      },
      "@std/assert@0.226.0": {
        "integrity": "0dfb5f7c7723c18cec118e080fec76ce15b4c31154b15ad2bd74822603ef75b3"
      },
      "@std/assert@1.0.0-rc.2": {
        "integrity": "0484eab1d76b55fca1c3beaff485a274e67dd3b9f065edcbe70030dfc0b964d3",
        "dependencies": [
          "jsr:@std/internal@^1.0.0"
        ]
      },
      "@std/bytes@0.223.0": {
        "integrity": "84b75052cd8680942c397c2631318772b295019098f40aac5c36cead4cba51a8"
      },
      "@std/bytes@0.224.0": {
        "integrity": "a2250e1d0eb7d1c5a426f21267ab9bdeac2447fa87a3d0d1a467d3f7a6058e49"
      },
      "@std/bytes@1.0.2": {
        "integrity": "fbdee322bbd8c599a6af186a1603b3355e59a5fb1baa139f8f4c3c9a1b3e3d57"
      },
      "@std/crypto@0.223.0": {
        "integrity": "1aa9555ff56b09e197ad988ea200f84bc6781fd4fd83f3a156ee44449af93000",
        "dependencies": [
          "jsr:@std/assert@^0.223.0",
          "jsr:@std/encoding@^0.223.0"
        ]
      },
      "@std/crypto@0.224.0": {
        "integrity": "154ef3ff08ef535562ef1a718718c5b2c5fc3808f0f9100daad69e829bfcdf2d",
        "dependencies": [
          "jsr:@std/assert@^0.224.0",
          "jsr:@std/encoding@^0.224.0"
        ]
      },
      "@std/encoding@0.223.0": {
        "integrity": "2b5615a75e00337ce113f34cf2f9b8c18182c751a8dcc8b1a2c2fc0e117bef00"
      },
      "@std/encoding@0.224.3": {
        "integrity": "5e861b6d81be5359fad4155e591acf17c0207b595112d1840998bb9f476dbdaf"
      },
      "@std/encoding@1.0.0-rc.2": {
        "integrity": "160d7674a20ebfbccdf610b3801fee91cf6e42d1c106dd46bbaf46e395cd35ef"
      },
      "@std/fmt@0.224.0": {
        "integrity": "e20e9a2312a8b5393272c26191c0a68eda8d2c4b08b046bad1673148f1d69851"
      },
      "@std/fs@0.224.0": {
        "integrity": "52a5ec89731ac0ca8f971079339286f88c571a4d61686acf75833f03a89d8e69",
        "dependencies": [
          "jsr:@std/assert@^0.224.0",
          "jsr:@std/path@^0.224.0"
        ]
      },
      "@std/http@0.223.0": {
        "integrity": "15ab8a0c5a7e9d5be017a15b01600f20f66602ceec48b378939fa24fcec522aa",
        "dependencies": [
          "jsr:@std/assert@^0.223.0",
          "jsr:@std/encoding@^0.223.0"
        ]
      },
      "@std/http@0.224.5": {
        "integrity": "b03b5d1529f6c423badfb82f6640f9f2557b4034cd7c30655ba5bb447ff750a4",
        "dependencies": [
          "jsr:@std/encoding@1.0.0-rc.2"
        ]
      },
      "@std/internal@0.224.0": {
        "integrity": "afc50644f9cdf4495eeb80523a8f6d27226b4b36c45c7c195dfccad4b8509291",
        "dependencies": [
          "jsr:@std/fmt@^0.224.0"
        ]
      },
      "@std/internal@1.0.0": {
        "integrity": "ac6a6dfebf838582c4b4f61a6907374e27e05bedb6ce276e0f1608fe84e7cd9a"
      },
      "@std/internal@1.0.1": {
        "integrity": "6f8c7544d06a11dd256c8d6ba54b11ed870aac6c5aeafff499892662c57673e6"
      },
      "@std/io@0.223.0": {
        "integrity": "2d8c3c2ab3a515619b90da2c6ff5ea7b75a94383259ef4d02116b228393f84f1",
        "dependencies": [
          "jsr:@std/bytes@^0.223.0"
        ]
      },
      "@std/io@0.224.3": {
        "integrity": "b402edeb99c6b3778d9ae3e9927bc9085b170b41e5a09bbb7064ab2ee394ae2f",
        "dependencies": [
          "jsr:@std/bytes@^1.0.1-rc.3"
        ]
      },
      "@std/media-types@0.223.0": {
        "integrity": "84684680c2eb6bc6d9369c6d6f26a49decaf2c7603ff531862dda575d9d6776e"
      },
      "@std/media-types@0.224.1": {
        "integrity": "9e69a5daed37c5b5c6d3ce4731dc191f80e67f79bed392b0957d1d03b87f11e1"
      },
      "@std/path@0.223.0": {
        "integrity": "593963402d7e6597f5a6e620931661053572c982fc014000459edc1f93cc3989",
        "dependencies": [
          "jsr:@std/assert@^0.223.0"
        ]
      },
      "@std/path@0.224.0": {
        "integrity": "55bca6361e5a6d158b9380e82d4981d82d338ec587de02951e2b7c3a24910ee6",
        "dependencies": [
          "jsr:@std/assert@^0.224.0"
        ]
      },
      "@std/path@0.225.2": {
        "integrity": "0f2db41d36b50ef048dcb0399aac720a5348638dd3cb5bf80685bf2a745aa506",
        "dependencies": [
          "jsr:@std/assert@^0.226.0"
        ]
      },
      "@std/testing@0.224.0": {
        "integrity": "371b8a929aa7132240d5dd766a439be8f780ef5c176ab194e0bcab72370c761e",
        "dependencies": [
          "jsr:@std/assert@^0.224.0"
        ]
      },
      "@std/testing@0.225.3": {
        "integrity": "348c24d0479d44ab3dbb4f26170f242e19f24051b45935d4a9e7ca0ab7e37780",
        "dependencies": [
          "jsr:@std/assert@1.0.0-rc.2"
        ]
      },
      "@std/yaml@0.224.3": {
        "integrity": "9da1ed0094f42ba24570b4d88a094b44a793ac7f2bc085c1939d3ac7e11cc0bb"
      }
    },
    "npm": {
      "@types/node@18.16.19": {
        "integrity": "sha512-IXl7o+R9iti9eBW4Wg2hx1xQDig183jj7YLn8F7udNceyfkbn1ZxmzZXuak20gR40D7pIkIY1kYGx5VIGbaHKA==",
        "dependencies": {}
      },
      "highlight.js@11.10.0": {
        "integrity": "sha512-SYVnVFswQER+zu1laSya563s+F8VDGt7o35d4utbamowvUNLLMovFqwCLSocpZTz3MgaSRA1IbqRWZv97dtErQ==",
        "dependencies": {}
      },
      "path-to-regexp@6.2.1": {
        "integrity": "sha512-JLyh7xT1kizaEvcaXOQwOc2/Yhw6KZOvPf1S8401UyLk86CU79LN3vl7ztXGm/pZ+YjoyAJ4rxmHwbkBXJX+yw==",
        "dependencies": {}
      }
    }
  },
  "redirects": {
    "https://deno.land/std/yaml/mod.ts": "https://deno.land/std@0.224.0/yaml/mod.ts",
    "https://deno.land/x/oak/mod.ts": "https://deno.land/x/oak@v16.1.0/mod.ts",
    "https://esm.sh/v135/@types/common-tags@~1.8/index.d.ts": "https://esm.sh/v135/@types/common-tags@1.8.4/index.d.ts"
  },
  "remote": {
    "https://deno.land/std@0.129.0/async/abortable.ts": "a896ac6b0d4237bd2d2d248217cfa1f0d85ccda93cb25ebda55e33850e526be6",
    "https://deno.land/std@0.129.0/async/deadline.ts": "48ac998d7564969f3e6ec6b6f9bf0217ebd00239b1b2292feba61272d5dd58d0",
    "https://deno.land/std@0.129.0/async/debounce.ts": "564273ef242bcfcda19a439132f940db8694173abffc159ea34f07d18fc42620",
    "https://deno.land/std@0.129.0/async/deferred.ts": "bc18e28108252c9f67dfca2bbc4587c3cbf3aeb6e155f8c864ca8ecff992b98a",
    "https://deno.land/std@0.129.0/async/delay.ts": "cbbdf1c87d1aed8edc7bae13592fb3e27e3106e0748f089c263390d4f49e5f6c",
    "https://deno.land/std@0.129.0/async/mod.ts": "2240c6841157738414331f47dee09bb8c0482c5b1980b6e3234dd03515c8132f",
    "https://deno.land/std@0.129.0/async/mux_async_iterator.ts": "f4d1d259b0c694d381770ddaaa4b799a94843eba80c17f4a2ec2949168e52d1e",
    "https://deno.land/std@0.129.0/async/pool.ts": "97b0dd27c69544e374df857a40902e74e39532f226005543eabacb551e277082",
    "https://deno.land/std@0.129.0/async/tee.ts": "1341feb1f5b1a96f8628d0f8fc07d8c43d3813423f18a63bf1b4785568d21b1f",
    "https://deno.land/std@0.129.0/fmt/colors.ts": "30455035d6d728394781c10755351742dd731e3db6771b1843f9b9e490104d37",
    "https://deno.land/std@0.129.0/http/http_status.ts": "71838ad33cb03ff2575f5e8fdea5f930979cdff8a81c11ade497f11d4c026019",
    "https://deno.land/std@0.129.0/http/server.ts": "10c3a7814666cdbabd6f9c18acdcc4593e222275a628280a4868881445fbb5bc",
    "https://deno.land/std@0.129.0/testing/_diff.ts": "9d849cd6877694152e01775b2d93f9d6b7aef7e24bfe3bfafc4d7a1ac8e9f392",
    "https://deno.land/std@0.129.0/testing/asserts.ts": "0a95d9e8076dd3e7f0eeb605a67c148078b4b11f4abcd5eef115b0361b0736a2",
    "https://deno.land/std@0.170.0/_util/asserts.ts": "d0844e9b62510f89ce1f9878b046f6a57bf88f208a10304aab50efcb48365272",
    "https://deno.land/std@0.170.0/_util/os.ts": "8a33345f74990e627b9dfe2de9b040004b08ea5146c7c9e8fe9a29070d193934",
    "https://deno.land/std@0.170.0/encoding/base64.ts": "8605e018e49211efc767686f6f687827d7f5fd5217163e981d8d693105640d7a",
    "https://deno.land/std@0.170.0/fmt/colors.ts": "03ad95e543d2808bc43c17a3dd29d25b43d0f16287fe562a0be89bf632454a12",
    "https://deno.land/std@0.170.0/path/_constants.ts": "df1db3ffa6dd6d1252cc9617e5d72165cd2483df90e93833e13580687b6083c3",
    "https://deno.land/std@0.170.0/path/_interface.ts": "ee3b431a336b80cf445441109d089b70d87d5e248f4f90ff906820889ecf8d09",
    "https://deno.land/std@0.170.0/path/_util.ts": "d16be2a16e1204b65f9d0dfc54a9bc472cafe5f4a190b3c8471ec2016ccd1677",
    "https://deno.land/std@0.170.0/path/common.ts": "bee563630abd2d97f99d83c96c2fa0cca7cee103e8cb4e7699ec4d5db7bd2633",
    "https://deno.land/std@0.170.0/path/glob.ts": "81cc6c72be002cd546c7a22d1f263f82f63f37fe0035d9726aa96fc8f6e4afa1",
    "https://deno.land/std@0.170.0/path/mod.ts": "cf7cec7ac11b7048bb66af8ae03513e66595c279c65cfa12bfc07d9599608b78",
    "https://deno.land/std@0.170.0/path/posix.ts": "b859684bc4d80edfd4cad0a82371b50c716330bed51143d6dcdbe59e6278b30c",
    "https://deno.land/std@0.170.0/path/separator.ts": "fe1816cb765a8068afb3e8f13ad272351c85cbc739af56dacfc7d93d710fe0f9",
    "https://deno.land/std@0.170.0/path/win32.ts": "7cebd2bda6657371adc00061a1d23fdd87bcdf64b4843bb148b0b24c11b40f69",
    "https://deno.land/std@0.192.0/fmt/colors.ts": "d67e3cd9f472535241a8e410d33423980bec45047e343577554d3356e1f0ef4e",
    "https://deno.land/std@0.192.0/testing/_diff.ts": "1a3c044aedf77647d6cac86b798c6417603361b66b54c53331b312caeb447aea",
    "https://deno.land/std@0.192.0/testing/_format.ts": "a69126e8a469009adf4cf2a50af889aca364c349797e63174884a52ff75cf4c7",
    "https://deno.land/std@0.192.0/testing/asserts.ts": "e16d98b4d73ffc4ed498d717307a12500ae4f2cbe668f1a215632d19fcffc22f",
    "https://deno.land/std@0.192.0/testing/mock.ts": "220ed9b8151cb2cac141043d4cfea7c47673fab5d18d1c1f0943297c8afb5d13",
    "https://deno.land/std@0.224.0/yaml/_dumper/dumper.ts": "08b595b40841a2e1c75303f5096392323b6baf8e9662430a91e3b36fbe175fe9",
    "https://deno.land/std@0.224.0/yaml/_dumper/dumper_state.ts": "9e29f700ea876ed230b43f11fa006fcb1a62eedc1e27d32baaeaf3210f19f1e7",
    "https://deno.land/std@0.224.0/yaml/_error.ts": "f38cdebdb69cde16903d9aa2f3b8a3dd9d13e5f7f3570bf662bfaca69fef669e",
    "https://deno.land/std@0.224.0/yaml/_loader/loader.ts": "bf9e8a99770b59bc887b43ebccea108cbe9146ae32d91f7ce558d62c946d3fe3",
    "https://deno.land/std@0.224.0/yaml/_loader/loader_state.ts": "ee216de6040551940b85473c3185fdb7a6f3030b77153f87a6b7f63f82e489ea",
    "https://deno.land/std@0.224.0/yaml/_mark.ts": "61097a614857fcebf7b2ecad057916d74c90cd160117a33c9e74bac60457410a",
    "https://deno.land/std@0.224.0/yaml/_state.ts": "f3b1c1fd11860302f1f33e35e9ce089bf069d4943e8d67516cd6bedbba058c13",
    "https://deno.land/std@0.224.0/yaml/_type/binary.ts": "f1a6e1d83dcc52b21cc3639cd98be44051cfc54065cc4f2a42065bce07ebc07d",
    "https://deno.land/std@0.224.0/yaml/_type/bool.ts": "121743b23ba82a27ad6a3ec6298c7f5b0908f90e52707f8644a91f7ad51ed2ef",
    "https://deno.land/std@0.224.0/yaml/_type/float.ts": "c5ed84b0aec1ec5dc05f6abfaaff672e8890d4d44a42120b4445c9754fca4eba",
    "https://deno.land/std@0.224.0/yaml/_type/function.ts": "bbf705058942bf3370604b37eb77a10aadd72f986c237c9f69b43378a42202c1",
    "https://deno.land/std@0.224.0/yaml/_type/int.ts": "c2dc88438a60fccc8d2226042bd18b9967753adaf6bd145feb8b99d567e432ce",
    "https://deno.land/std@0.224.0/yaml/_type/map.ts": "ae2acb1cb837fb8e96c75c98611cfd45af847d0114ab5336333c318e7d4b12f4",
    "https://deno.land/std@0.224.0/yaml/_type/merge.ts": "ad0d971f91d2fb9f4ab3eba0c837eae357b1804d6b798adc99dc917bc5306b11",
    "https://deno.land/std@0.224.0/yaml/_type/mod.ts": "e8929d7b1c969a74f76338d4eb380ef8c4a26cd6441117d521f076b766e9c265",
    "https://deno.land/std@0.224.0/yaml/_type/nil.ts": "cbe4387d02d5933322c21b25d8955c5e6228c492e391a6fb82dcf4f498cc421c",
    "https://deno.land/std@0.224.0/yaml/_type/omap.ts": "cda915105ab22ba9e1d6317adacee8eec2d8ddaf864cc2f814e3e476946e72c6",
    "https://deno.land/std@0.224.0/yaml/_type/pairs.ts": "dd39bb44c1b9abaf6172c63f73350475933151f07e05253b81f7860c9b507177",
    "https://deno.land/std@0.224.0/yaml/_type/regexp.ts": "e49eb9e1c9356fd142bc15f7f323820d411fcc537b5ba3896df9a8b812d270a4",
    "https://deno.land/std@0.224.0/yaml/_type/seq.ts": "2deffc7f970869bc01a1541b4961d076329a1c2b30b95e07918f3132db7c3fe2",
    "https://deno.land/std@0.224.0/yaml/_type/set.ts": "be8a9e7237a7ffc92dfbe7f5e552d84b7eeba60f3f73cc77fc3c59d3506c74ea",
    "https://deno.land/std@0.224.0/yaml/_type/str.ts": "88f0a1ba12295520cd57e96cd78d53aa0787d53c7a1c506155f418c496c2f550",
    "https://deno.land/std@0.224.0/yaml/_type/timestamp.ts": "277a41a40fb93c3b2b3f5c373bf11b0b7856cc6a7b919e8ea130755e4029edc5",
    "https://deno.land/std@0.224.0/yaml/_type/undefined.ts": "9d215953c65740f1764e0bdca021007573473f0c49e087f00d9ff02817ecfc97",
    "https://deno.land/std@0.224.0/yaml/_utils.ts": "91bbe28b5e7000b9594e40ff5353f8fe7a7ba914eec917e1202cbaf5ac931c58",
    "https://deno.land/std@0.224.0/yaml/mod.ts": "54e9bfad77c8cd58f49b65f4d568045ff08989ed36318a2ca733a43cb6f1bc00",
    "https://deno.land/std@0.224.0/yaml/parse.ts": "f45278d9ebccb789af4eceeffa5c291e194bcf1fa9aab1b34ff52c2bd4a9d886",
    "https://deno.land/std@0.224.0/yaml/schema.ts": "a0f7956d997852b5d1c6564bd73eb7352175cfba439707ac819b65b5a2ec173a",
    "https://deno.land/std@0.224.0/yaml/schema/core.ts": "0a37c07710e3df4eb4edc02f4edf623bf8df5af72b34d8a7c0229d0bac2a7043",
    "https://deno.land/std@0.224.0/yaml/schema/default.ts": "1367fd30420c7071ecc67e5b470838474e8259aaf64460f314af4b6bd8da497c",
    "https://deno.land/std@0.224.0/yaml/schema/extended.ts": "248180c22697f37ed173057eae62ce4879865bb59f30c4908d698bed5edcc7c5",
    "https://deno.land/std@0.224.0/yaml/schema/failsafe.ts": "0ac1cae5b86d8fe2c83ad0a17f8adc33106a452b7139f84e4b0bfaee2206730e",
    "https://deno.land/std@0.224.0/yaml/schema/json.ts": "a0228a0c0bad7dece17ab848774fcadc2ccb5e51775c2d58d21d486917ba3ba1",
    "https://deno.land/std@0.224.0/yaml/schema/mod.ts": "0e1558a4823834f106675e48ddc15338e04f6f18469d1a7d6b3f0e1ab06abcb2",
    "https://deno.land/std@0.224.0/yaml/stringify.ts": "f0ed4e419cb40c807cf79ae4039d6cdf492be9a947121fff4d4b7cd1d4738bae",
    "https://deno.land/std@0.224.0/yaml/type.ts": "708dde5f20b01cc1096489b7155b6af79a217d585afb841128e78c3c2391eb5c",
    "https://deno.land/x/cliffy@v0.25.7/_utils/distance.ts": "02af166952c7c358ac83beae397aa2fbca4ad630aecfcd38d92edb1ea429f004",
    "https://deno.land/x/cliffy@v0.25.7/ansi/ansi_escapes.ts": "885f61f343223f27b8ec69cc138a54bea30542924eacd0f290cd84edcf691387",
    "https://deno.land/x/cliffy@v0.25.7/ansi/chain.ts": "31fb9fcbf72fed9f3eb9b9487270d2042ccd46a612d07dd5271b1a80ae2140a0",
    "https://deno.land/x/cliffy@v0.25.7/ansi/cursor_position.ts": "d537491e31d9c254b208277448eff92ff7f55978c4928dea363df92c0df0813f",
    "https://deno.land/x/cliffy@v0.25.7/ansi/deps.ts": "0f35cb7e91868ce81561f6a77426ea8bc55dc15e13f84c7352f211023af79053",
    "https://deno.land/x/cliffy@v0.25.7/ansi/tty.ts": "8fb064c17ead6cdf00c2d3bc87a9fd17b1167f2daa575c42b516f38bdb604673",
    "https://deno.land/x/cliffy@v0.25.7/command/_errors.ts": "a9bd23dc816b32ec96c9b8f3057218241778d8c40333b43341138191450965e5",
    "https://deno.land/x/cliffy@v0.25.7/command/_utils.ts": "9ab3d69fabab6c335b881b8a5229cbd5db0c68f630a1c307aff988b6396d9baf",
    "https://deno.land/x/cliffy@v0.25.7/command/command.ts": "a2b83c612acd65c69116f70dec872f6da383699b83874b70fcf38cddf790443f",
    "https://deno.land/x/cliffy@v0.25.7/command/completions/_bash_completions_generator.ts": "43b4abb543d4dc60233620d51e69d82d3b7c44e274e723681e0dce2a124f69f9",
    "https://deno.land/x/cliffy@v0.25.7/command/completions/_fish_completions_generator.ts": "d0289985f5cf0bd288c05273bfa286b24c27feb40822eb7fd9d7fee64e6580e8",
    "https://deno.land/x/cliffy@v0.25.7/command/completions/_zsh_completions_generator.ts": "14461eb274954fea4953ee75938821f721da7da607dc49bcc7db1e3f33a207bd",
    "https://deno.land/x/cliffy@v0.25.7/command/completions/bash.ts": "053aa2006ec327ccecacb00ba28e5eb836300e5c1bec1b3cfaee9ddcf8189756",
    "https://deno.land/x/cliffy@v0.25.7/command/completions/complete.ts": "58df61caa5e6220ff2768636a69337923ad9d4b8c1932aeb27165081c4d07d8b",
    "https://deno.land/x/cliffy@v0.25.7/command/completions/fish.ts": "9938beaa6458c6cf9e2eeda46a09e8cd362d4f8c6c9efe87d3cd8ca7477402a5",
    "https://deno.land/x/cliffy@v0.25.7/command/completions/mod.ts": "aeef7ec8e319bb157c39a4bab8030c9fe8fa327b4c1e94c9c1025077b45b40c0",
    "https://deno.land/x/cliffy@v0.25.7/command/completions/zsh.ts": "8b04ab244a0b582f7927d405e17b38602428eeb347a9968a657e7ea9f40e721a",
    "https://deno.land/x/cliffy@v0.25.7/command/deprecated.ts": "bbe6670f1d645b773d04b725b8b8e7814c862c9f1afba460c4d599ffe9d4983c",
    "https://deno.land/x/cliffy@v0.25.7/command/deps.ts": "275b964ce173770bae65f6b8ebe9d2fd557dc10292cdd1ed3db1735f0d77fa1d",
    "https://deno.land/x/cliffy@v0.25.7/command/help/_help_generator.ts": "f7c349cb2ddb737e70dc1f89bcb1943ca9017a53506be0d4138e0aadb9970a49",
    "https://deno.land/x/cliffy@v0.25.7/command/help/mod.ts": "09d74d3eb42d21285407cda688074c29595d9c927b69aedf9d05ff3f215820d3",
    "https://deno.land/x/cliffy@v0.25.7/command/mod.ts": "d0a32df6b14028e43bb2d41fa87d24bc00f9662a44e5a177b3db02f93e473209",
    "https://deno.land/x/cliffy@v0.25.7/command/type.ts": "24e88e3085e1574662b856ccce70d589959648817135d4469fab67b9cce1b364",
    "https://deno.land/x/cliffy@v0.25.7/command/types.ts": "ae02eec0ed7a769f7dba2dd5d3a931a61724b3021271b1b565cf189d9adfd4a0",
    "https://deno.land/x/cliffy@v0.25.7/command/types/action_list.ts": "33c98d449617c7a563a535c9ceb3741bde9f6363353fd492f90a74570c611c27",
    "https://deno.land/x/cliffy@v0.25.7/command/types/boolean.ts": "3879ec16092b4b5b1a0acb8675f8c9250c0b8a972e1e4c7adfba8335bd2263ed",
    "https://deno.land/x/cliffy@v0.25.7/command/types/child_command.ts": "f1fca390c7fbfa7a713ca15ef55c2c7656bcbb394d50e8ef54085bdf6dc22559",
    "https://deno.land/x/cliffy@v0.25.7/command/types/command.ts": "325d0382e383b725fd8d0ef34ebaeae082c5b76a1f6f2e843fee5dbb1a4fe3ac",
    "https://deno.land/x/cliffy@v0.25.7/command/types/enum.ts": "2178345972adf7129a47e5f02856ca3e6852a91442a1c78307dffb8a6a3c6c9f",
    "https://deno.land/x/cliffy@v0.25.7/command/types/file.ts": "8618f16ac9015c8589cbd946b3de1988cc4899b90ea251f3325c93c46745140e",
    "https://deno.land/x/cliffy@v0.25.7/command/types/integer.ts": "29864725fd48738579d18123d7ee78fed37515e6dc62146c7544c98a82f1778d",
    "https://deno.land/x/cliffy@v0.25.7/command/types/number.ts": "aeba96e6f470309317a16b308c82e0e4138a830ec79c9877e4622c682012bc1f",
    "https://deno.land/x/cliffy@v0.25.7/command/types/string.ts": "e4dadb08a11795474871c7967beab954593813bb53d9f69ea5f9b734e43dc0e0",
    "https://deno.land/x/cliffy@v0.25.7/command/upgrade/mod.ts": "17e2df3b620905583256684415e6c4a31e8de5c59066eb6d6c9c133919292dc4",
    "https://deno.land/x/cliffy@v0.25.7/command/upgrade/provider.ts": "d6fb846043232cbd23c57d257100c7fc92274984d75a5fead0f3e4266dc76ab8",
    "https://deno.land/x/cliffy@v0.25.7/command/upgrade/provider/deno_land.ts": "24f8d82e38c51e09be989f30f8ad21f9dd41ac1bb1973b443a13883e8ba06d6d",
    "https://deno.land/x/cliffy@v0.25.7/command/upgrade/provider/github.ts": "99e1b133dd446c6aa79f69e69c46eb8bc1c968dd331c2a7d4064514a317c7b59",
    "https://deno.land/x/cliffy@v0.25.7/command/upgrade/provider/nest_land.ts": "0e07936cea04fa41ac9297f32d87f39152ea873970c54cb5b4934b12fee1885e",
    "https://deno.land/x/cliffy@v0.25.7/command/upgrade/upgrade_command.ts": "3640a287d914190241ea1e636774b1b4b0e1828fa75119971dd5304784061e05",
    "https://deno.land/x/cliffy@v0.25.7/flags/_errors.ts": "f1fbb6bfa009e7950508c9d491cfb4a5551027d9f453389606adb3f2327d048f",
    "https://deno.land/x/cliffy@v0.25.7/flags/_utils.ts": "340d3ecab43cde9489187e1f176504d2c58485df6652d1cdd907c0e9c3ce4cc2",
    "https://deno.land/x/cliffy@v0.25.7/flags/_validate_flags.ts": "16eb5837986c6f6f7620817820161a78d66ce92d690e3697068726bbef067452",
    "https://deno.land/x/cliffy@v0.25.7/flags/deprecated.ts": "a72a35de3cc7314e5ebea605ca23d08385b218ef171c32a3f135fb4318b08126",
    "https://deno.land/x/cliffy@v0.25.7/flags/flags.ts": "68a9dfcacc4983a84c07ba19b66e5e9fccd04389fad215210c60fb414cc62576",
    "https://deno.land/x/cliffy@v0.25.7/flags/types.ts": "7452ea5296758fb7af89930349ce40d8eb9a43b24b3f5759283e1cb5113075fd",
    "https://deno.land/x/cliffy@v0.25.7/flags/types/boolean.ts": "4c026dd66ec9c5436860dc6d0241427bdb8d8e07337ad71b33c08193428a2236",
    "https://deno.land/x/cliffy@v0.25.7/flags/types/integer.ts": "b60d4d590f309ddddf066782d43e4dc3799f0e7d08e5ede7dc62a5ee94b9a6d9",
    "https://deno.land/x/cliffy@v0.25.7/flags/types/number.ts": "610936e2d29de7c8c304b65489a75ebae17b005c6122c24e791fbed12444d51e",
    "https://deno.land/x/cliffy@v0.25.7/flags/types/string.ts": "e89b6a5ce322f65a894edecdc48b44956ec246a1d881f03e97bbda90dd8638c5",
    "https://deno.land/x/cliffy@v0.25.7/keycode/key_code.ts": "c4ab0ffd102c2534962b765ded6d8d254631821bf568143d9352c1cdcf7a24be",
    "https://deno.land/x/cliffy@v0.25.7/keycode/key_codes.ts": "917f0a2da0dbace08cf29bcfdaaa2257da9fe7e705fff8867d86ed69dfb08cfe",
    "https://deno.land/x/cliffy@v0.25.7/keycode/mod.ts": "292d2f295316c6e0da6955042a7b31ab2968ff09f2300541d00f05ed6c2aa2d4",
    "https://deno.land/x/cliffy@v0.25.7/prompt/_generic_input.ts": "737cff2de02c8ce35250f5dd79c67b5fc176423191a2abd1f471a90dd725659e",
    "https://deno.land/x/cliffy@v0.25.7/prompt/_generic_list.ts": "79b301bf09eb19f0d070d897f613f78d4e9f93100d7e9a26349ef0bfaa7408d2",
    "https://deno.land/x/cliffy@v0.25.7/prompt/_generic_prompt.ts": "8630ce89a66d83e695922df41721cada52900b515385d86def597dea35971bb2",
    "https://deno.land/x/cliffy@v0.25.7/prompt/_generic_suggestions.ts": "2a8b619f91e8f9a270811eff557f10f1343a444a527b5fc22c94de832939920c",
    "https://deno.land/x/cliffy@v0.25.7/prompt/_utils.ts": "676cca30762656ed1a9bcb21a7254244278a23ffc591750e98a501644b6d2df3",
    "https://deno.land/x/cliffy@v0.25.7/prompt/checkbox.ts": "e5a5a9adbb86835dffa2afbd23c6f7a8fe25a9d166485388ef25aba5dc3fbf9e",
    "https://deno.land/x/cliffy@v0.25.7/prompt/confirm.ts": "94c8e55de3bbcd53732804420935c432eab29945497d1c47c357d236a89cb5f6",
    "https://deno.land/x/cliffy@v0.25.7/prompt/deps.ts": "4c38ab18e55a792c9a136c1c29b2b6e21ea4820c45de7ef4cf517ce94012c57d",
    "https://deno.land/x/cliffy@v0.25.7/prompt/figures.ts": "26af0fbfe21497220e4b887bb550fab997498cde14703b98e78faf370fbb4b94",
    "https://deno.land/x/cliffy@v0.25.7/prompt/input.ts": "ee45532e0a30c2463e436e08ae291d79d1c2c40872e17364c96d2b97c279bf4d",
    "https://deno.land/x/cliffy@v0.25.7/prompt/list.ts": "6780427ff2a932a48c9b882d173c64802081d6cdce9ff618d66ba6504b6abc50",
    "https://deno.land/x/cliffy@v0.25.7/prompt/mod.ts": "195aed14d10d279914eaa28c696dec404d576ca424c097a5bc2b4a7a13b66c89",
    "https://deno.land/x/cliffy@v0.25.7/prompt/number.ts": "015305a76b50138234dde4fd50eb886c6c7c0baa1b314caf811484644acdc2cf",
    "https://deno.land/x/cliffy@v0.25.7/prompt/prompt.ts": "0e7f6a1d43475ee33fb25f7d50749b2f07fc0bcddd9579f3f9af12d05b4a4412",
    "https://deno.land/x/cliffy@v0.25.7/prompt/secret.ts": "58745f5231fb2c44294c4acf2511f8c5bfddfa1e12f259580ff90dedea2703d6",
    "https://deno.land/x/cliffy@v0.25.7/prompt/select.ts": "1e982eae85718e4e15a3ee10a5ae2233e532d7977d55888f3a309e8e3982b784",
    "https://deno.land/x/cliffy@v0.25.7/prompt/toggle.ts": "842c3754a40732f2e80bcd4670098713e402e64bd930e6cab2b787f7ad4d931a",
    "https://deno.land/x/cliffy@v0.25.7/table/border.ts": "2514abae4e4f51eda60a5f8c927ba24efd464a590027e900926b38f68e01253c",
    "https://deno.land/x/cliffy@v0.25.7/table/cell.ts": "1d787d8006ac8302020d18ec39f8d7f1113612c20801b973e3839de9c3f8b7b3",
    "https://deno.land/x/cliffy@v0.25.7/table/deps.ts": "5b05fa56c1a5e2af34f2103fd199e5f87f0507549963019563eae519271819d2",
    "https://deno.land/x/cliffy@v0.25.7/table/layout.ts": "46bf10ae5430cf4fbb92f23d588230e9c6336edbdb154e5c9581290562b169f4",
    "https://deno.land/x/cliffy@v0.25.7/table/row.ts": "5f519ba7488d2ef76cbbf50527f10f7957bfd668ce5b9169abbc44ec88302645",
    "https://deno.land/x/cliffy@v0.25.7/table/table.ts": "ec204c9d08bb3ff1939c5ac7412a4c9ed7d00925d4fc92aff9bfe07bd269258d",
    "https://deno.land/x/cliffy@v0.25.7/table/utils.ts": "187bb7dcbcfb16199a5d906113f584740901dfca1007400cba0df7dcd341bc29",
    "https://deno.land/x/free_port@v1.2.0/mod.ts": "512646732aaea41fbfd1f210f3ae82660f38251777d189d290da331d0235a58e",
    "https://deno.land/x/oak@v16.1.0/application.ts": "c6361a3c3fb3607c5dfe1800b156f07b612979dc0498c746aeca54bb9f643a92",
    "https://deno.land/x/oak@v16.1.0/body.ts": "0f8a6843720ea6cebba2132a5e4dda5a97bbd49e7fb64e96ade0b7c8009bba2d",
    "https://deno.land/x/oak@v16.1.0/context.ts": "a93a5b41dde2ceb52232ae31b3496be76e8a42ea421a73d7cffe9e640adb8dfd",
    "https://deno.land/x/oak@v16.1.0/deps.ts": "f960515f71091adecc3df5e2295b3acfc4f1c003e08be29fceec1f7616053433",
    "https://deno.land/x/oak@v16.1.0/http_server_bun.ts": "cb3a66c735cd0533c4c3776b37ae627ab42344c82f91dff63e3030d9656fd3a0",
    "https://deno.land/x/oak@v16.1.0/http_server_native.ts": "3bea00ebb9638203d2449fbf9a14a6b87f119bd45012f13282ececdf7b4c4242",
    "https://deno.land/x/oak@v16.1.0/http_server_native_request.ts": "a4da6f4939736e6323720db2d4b0d19ff2e83f02e52ab1eea9ae80f2c047fa56",
    "https://deno.land/x/oak@v16.1.0/http_server_node.ts": "9bb5291c15305b297fd634aa4c6b1d5054368f4b7a171d7c7c302c73eb2489ed",
    "https://deno.land/x/oak@v16.1.0/middleware.ts": "4170180fe5009d2581a0bdc995e5953b90ccb5b1c3767f3eae8a4fe238b8bd81",
    "https://deno.land/x/oak@v16.1.0/middleware/etag.ts": "310ed4ed01f2af5384ab78617c82a2bdd7f84d66539172e45ee16452846f0754",
    "https://deno.land/x/oak@v16.1.0/middleware/proxy.ts": "a0b4964509d4320735ffbe52ae2629c78e302dd9b934fcf2ddf189d491469892",
    "https://deno.land/x/oak@v16.1.0/middleware/serve.ts": "efceebd70afb73bcabe0a6a8981f3d8474a2f2f30e85b46761aee49e81bd9d6a",
    "https://deno.land/x/oak@v16.1.0/mod.ts": "38e53e01e609583e843f3e2b2677de9872d23d68939ce0de85b402e7a8db01a7",
    "https://deno.land/x/oak@v16.1.0/node_shims.ts": "4db1569b2b79b73f37c4d947f4aaa50a93e266d48fe67601c8a31af17a28884d",
    "https://deno.land/x/oak@v16.1.0/request.ts": "1e7f2c338cd6889b616bbdc9e2062eac27acbffde05c685adfb1c60ecc80682a",
    "https://deno.land/x/oak@v16.1.0/response.ts": "bc47174d3d797ffc802f40fba006c16de8390e776a36f6f4a4d4f58b278bf36f",
    "https://deno.land/x/oak@v16.1.0/router.ts": "882f36a576e280b0d617cc174feca320f02deed77bdea8264444ba8b55cc0422",
    "https://deno.land/x/oak@v16.1.0/send.ts": "c05e5985b356b568ae4954a40373f93451a3f8cc9ae8706c8b8879e5e0c8c86b",
    "https://deno.land/x/oak@v16.1.0/testing.ts": "c879789ac721144c3dcad0a06f5afbe2cd94fb20afc32302992942a49a7def90",
    "https://deno.land/x/oak@v16.1.0/types.ts": "cd4ccd3e182d0cba2117cd27f560267970470ab9c0ff6556cadd73f605193be7",
    "https://deno.land/x/oak@v16.1.0/utils/clone_state.ts": "cf8989ddd56816b36ada253ae0acdbd46cdf3d68dbe674d2b66c46640fab3500",
    "https://deno.land/x/oak@v16.1.0/utils/consts.ts": "137c4f73479f5e98a13153b9305f06f0d85df3cf2aacad2c9f82d4c1f3a2f105",
    "https://deno.land/x/oak@v16.1.0/utils/create_promise_with_resolvers.ts": "de99e9a998162b929a011f8873eaf0895cf4742492b3ce6f6866d39217342523",
    "https://deno.land/x/oak@v16.1.0/utils/decode_component.ts": "d3e2c40ecdd2fdb79761c6e9ae224cf01a4643f7c5f4c1e0b69698d43025261b",
    "https://deno.land/x/oak@v16.1.0/utils/encode_url.ts": "c0ed6b318eb9523adeebba32eb9acd059c0f94d3511b2b9e3b024722d1b3dfb8",
    "https://deno.land/x/oak@v16.1.0/utils/resolve_path.ts": "aa39d54a003b38fee55f340a0cba3f93a7af85b8ddd5fbfb049a98fc0109b36d",
    "https://deno.land/x/oak@v16.1.0/utils/streams.ts": "6d55543fdeddc3c9c6f512de227b9b33ff4b0ec5e320edc109f0cbf9bef8963f",
    "https://deno.land/x/oak@v16.1.0/utils/type_guards.ts": "a1b42aa4c431c4c07d3f8a45a2142020f86d5a3e1e319af94fdf2f4c6c72465f",
    "https://deno.land/x/opine@2.1.2/src/methods.ts": "0481daecc6068d24e9e5391818baddf555ab803d39a465dcd259161f8bd8ee49",
    "https://deno.land/x/opine@2.1.2/src/utils/mergeDescriptors.ts": "1fe498d4a1a8dcfd3570f9ca5e0647590d86d029b3c340bfcfdb57002851e41b",
    "https://deno.land/x/superdeno@4.8.0/deps.ts": "e2cf96d1129c38e1daf87a405878fa51d5771a0ba9b1c250baa75db0a8cb99df",
    "https://deno.land/x/superdeno@4.8.0/mod.ts": "fa91c501867a4302a4bc92d63cbf934fe5475ebb7bf58335338e001147263c87",
    "https://deno.land/x/superdeno@4.8.0/src/close.ts": "8bd4ab602ebbb048d06697d0c48c30be5f78ab9ad673850965e8014d78cca7a8",
    "https://deno.land/x/superdeno@4.8.0/src/superagent.ts": "8f60187f9278b154ef6bccf09a5ff7d45f81103ad0ce02d45518a6bbe63ce764",
    "https://deno.land/x/superdeno@4.8.0/src/superdeno.ts": "2e2cd4898961ac7688f0c2a4b210bf560a338f6601bd231d74bf8a0956880311",
    "https://deno.land/x/superdeno@4.8.0/src/test.ts": "89386c2c207179cd1854baf40f37cd1c4a5d312f4605d8cdc4d495ff3fd14d10",
    "https://deno.land/x/superdeno@4.8.0/src/types.ts": "0fc4a0a1acf4c3acba3e3d956a9e8917ce32cd47dbb8e75ffadec21a43a8e52f",
    "https://deno.land/x/superdeno@4.8.0/src/utils.ts": "458c1699f73e348745b9b4d081e005dbc12d050fd2899ebf4f919515823ba1c0",
    "https://deno.land/x/superdeno@4.8.0/src/xhrSham.js": "91f28215c07af47155c7abe711a097d67d89916a80d666ef6d26fab3e5179af2",
    "https://deno.land/x/superdeno@4.8.0/version.ts": "c84185c6cf0c198d406ae8892cc56a981002cce5d09e9b6293718bf02ad1d2c4",
    "https://deno.land/x/superoak@4.7.0/deps.ts": "814a22b7182bff7ec6457f753f186ce6c12453759581d711359f76ea14f7caa1",
    "https://deno.land/x/superoak@4.7.0/mod.ts": "6d4ea8a5a48c9007f2e947934889c06259d3ebb5569515bcb0432036a22449cd",
    "https://deno.land/x/superoak@4.7.0/src/superoak.ts": "9c08a3211c4d1f7bb89e88fc3f242536fce654c157aa6db52d3c24f033bb3d28",
    "https://deno.land/x/superoak@4.7.0/version.ts": "7f24547dd88673cc8521f5aed9bf0e1634ba4170707a792ddb6f95d0e5ec8a8c",
    "https://esm.sh/ajv@8.14.0": "f9e1614386fb3e60bd84ab99af7519e791d9cf29470b827dd6d676b6e75c3152",
    "https://esm.sh/common-tags@1.8.2": "6658aa223df8b03ca2c18854541041925e9c474116f62a052271583fc72b1be7",
    "https://esm.sh/simple-git@3.25.0": "ede8b87aa15cd69c6a313ee838c7152ec95c768e034398f210e5fe3d2b66ee99",
    "https://esm.sh/v135/@kwsites/file-exists@1.1.1/denonext/file-exists.mjs": "97f9c5b9ea2ef3be7ee61534da62e550ab94726b5687a5a71ce981a9336849c1",
    "https://esm.sh/v135/@kwsites/promise-deferred@1.1.1/denonext/promise-deferred.mjs": "5381e8a58b7101dda78b9f256fe121583ff47cadd07da60d9ec08f0fbc0a1fff",
    "https://esm.sh/v135/ajv@8.14.0/denonext/ajv.mjs": "3482d9f50f07a91c438f89be90c1d026ff01cd762ef519ec77a54e9f172dddb4",
    "https://esm.sh/v135/common-tags@1.8.2/denonext/common-tags.mjs": "5938099f0dfeea9540d8b855e05edcd3d3524df21354263cbcceba83fabfbbfc",
    "https://esm.sh/v135/debug@4.3.4/denonext/debug.mjs": "d2ebf776ea77aa7df1b4460eb2a4aab245a9d5b19f11fa1db25f756b350bae9d",
    "https://esm.sh/v135/debug@4.3.5/denonext/debug.mjs": "630202cad075e6db68a6c0113dcb2cd3a9b2e0a1b63a497a82e76229ef55cb33",
    "https://esm.sh/v135/fast-deep-equal@3.1.3/denonext/fast-deep-equal.mjs": "6313b3e05436550e1c0aeb2a282206b9b8d9213b4c6f247964dd7bb4835fb9e5",
    "https://esm.sh/v135/json-schema-traverse@1.0.0/denonext/json-schema-traverse.mjs": "c5da8353bc014e49ebbb1a2c0162d29969a14c325da19644e511f96ba670cc45",
    "https://esm.sh/v135/ms@2.1.2/denonext/ms.mjs": "aa4dc45ba72554c5011168f8910cc646c37af53cfff1a15a4decced838b8eb14",
    "https://esm.sh/v135/simple-git@3.25.0/denonext/simple-git.mjs": "9e3328183265bfb899d74750231fdc035fb023e9e3ddf768e0ff6e3a9bc846b4",
    "https://esm.sh/v135/uri-js@4.4.1/denonext/uri-js.mjs": "901d462f9db207376b39ec603d841d87e6b9e9568ce97dfaab12aa77d0f99f74",
    "https://jspm.dev/npm:call-bind@1.0.5!cjs": "09f8399c727fc1e9d58fdafc0a729b45bf37b7ee0c11d9d0b39abe37ac42ccf5",
    "https://jspm.dev/npm:call-bind@1.0.5/callBound!cjs": "55fa05e2b115eeaef9ff684e3df12de253e6644a40ad09b5722f3a9a8df8f645",
    "https://jspm.dev/npm:call-bind@1/callBound!cjs": "9cf2ef160025d392767618c2f0cb72d32cf14caa3fbeb493c6df9bde9d7fca8d",
    "https://jspm.dev/npm:component-emitter@1!cjs": "26c2994a5fcac1cd9156b00be96c5e2f006dd76338095a96006ac3a47c6c327d",
    "https://jspm.dev/npm:component-emitter@1.3.0!cjs": "757cafefb0bf5639f3f90b2267a7d168e03631e731c2a79fca847b735695e196",
    "https://jspm.dev/npm:define-data-property@1!cjs": "37b65cb06c826730306a5f766de69da37b96076c96ea11a47667e9429623f937",
    "https://jspm.dev/npm:define-data-property@1.1.1!cjs": "4ac6fa4b9d7ba7ccc83ffa350c58112ee878a450a97375217f66508d5673c822",
    "https://jspm.dev/npm:fast-safe-stringify@2!cjs": "d8dd0803af23f037ffb44c13e18333131af27ebe582f55fd498b6e3c8f6d5a9d",
    "https://jspm.dev/npm:fast-safe-stringify@2.1.1!cjs": "8a14a2de8a07a719c74aa63ffa5ff635fc55e9ee5d5a79fbc2e087dc4aa1940e",
    "https://jspm.dev/npm:function-bind@1!cjs": "73fbc50bf85e8a6ca150609e98c396301c1ae5a1603e50ce8c64e95f646e0ce0",
    "https://jspm.dev/npm:function-bind@1.1.2!cjs": "bbb663bc4e50f400a8ca0de9e0bfdaaa7022695f86b2806a48dc1afc5b4195a8",
    "https://jspm.dev/npm:function-bind@1.1.2/implementation!cjs": "ebdc0ec85854db19d7e21081b368891394f86e21c6d786273c327762cb46ea6a",
    "https://jspm.dev/npm:get-intrinsic@1!cjs": "f6d9266edc586632e8f6d8d6c5ca28fb2c0d5ee9c9d9252df9aafd57eda9fcea",
    "https://jspm.dev/npm:get-intrinsic@1.2.2!cjs": "723fcebc493a45d5af8ecb366020a6cc2ce9bd4759bad699c1172015cb193f65",
    "https://jspm.dev/npm:gopd@1!cjs": "c220469947b77de2c5e4b115beda16397bf6133c5b873b8e24e85b902ee6dc82",
    "https://jspm.dev/npm:gopd@1.0.1!cjs": "b38da4f4b49cfef31e3aa8d62fdd136cf0fe99a5df6c603a426f97248f3cf4ab",
    "https://jspm.dev/npm:has-property-descriptors@1!cjs": "b1a828f75a22a5614b136dd3da1be98cc744a2cd6bfed9bd8c338a8d51a570d1",
    "https://jspm.dev/npm:has-property-descriptors@1.0.1!cjs": "f8da64823507f597f3cb44a2f3576e350df72e1033ef5e7a5b30d771e81c0819",
    "https://jspm.dev/npm:has-proto@1!cjs": "78a2914e5525d531426c5d69fd5aa23671ec359c6c527b9791327f60ad1b6682",
    "https://jspm.dev/npm:has-proto@1.0.1!cjs": "0a9d605f1d310f859265780011d6343a7869cadf3a9e02fd6cc949c2924b528c",
    "https://jspm.dev/npm:has-symbols@1!cjs": "48faf647d225b64fa235ccc3e5a848e72221b0230935e421066a5de39aa89c3a",
    "https://jspm.dev/npm:has-symbols@1.0.3!cjs": "36965f84e4e0ea1abeddb6928d0719a2648e61ceb9825df185b40d05cddb64df",
    "https://jspm.dev/npm:has-symbols@1.0.3/shams!cjs": "669673e1dc7691c0b397580760121d57f3a5c5101dd70be2e8dd7d2a044de2e9",
    "https://jspm.dev/npm:hasown@2!cjs": "9a39af846b167cae93b7a40f1ba4c97255bb5b07a1481da853a29bb68d24e603",
    "https://jspm.dev/npm:hasown@2.0.0!cjs": "f52fd2477e345530f759465a984023f23d8261c4a54970e619daf1da6a2e85f5",
    "https://jspm.dev/npm:object-inspect@1!cjs": "dc197b471ed55ecf2eabeb8da9aaee277e97831e65192531432a4ec2346211d9",
    "https://jspm.dev/npm:object-inspect@1.13.1!cjs": "cec116e5c2b7d6b75e178d2541d70475d716ad912e3d5599e5c2d97284a9cb3e",
    "https://jspm.dev/npm:qs@6!cjs": "210de1e090ac836c2495c19dfea88fc74b49de1b308241f8c9490d27ab6e0195",
    "https://jspm.dev/npm:qs@6.11.2!cjs": "5da52fff60f7b1a6b1c73cdea2d9fc5d5588fa6c551b2a0ea2a1ebbb2a5e559f",
    "https://jspm.dev/npm:qs@6.11.2/_/e71c21de.js": "cfe49eb949fb7291803f1ed2f4c0a244b8fca3b6936f5082fc97581a0663e427",
    "https://jspm.dev/npm:qs@6.11.2/lib/stringify!cjs": "35d39c5871af151efe9ccca8e4ebecbf0282f97287b5fad56ebac369f69c2581",
    "https://jspm.dev/npm:set-function-length@1!cjs": "b4c766d874ba261ff0c11aa18a6bf4510ecf8da09a7219da83a62772e0bc1b41",
    "https://jspm.dev/npm:set-function-length@1.1.1!cjs": "f52607660d1f50e19e645ab49e6a4adf27fa4ae909867ec9950e993c430e4ca1",
    "https://jspm.dev/npm:side-channel@1!cjs": "a07dfe7165af0d7f916d089490c38839397abcd8b218e4566b270858c9a0ea04",
    "https://jspm.dev/npm:side-channel@1.0.4!cjs": "db65b31b6f9e67d57f04e26d71eb5b376306f5a89ab46fae1278c3ffefb19663",
    "https://jspm.dev/npm:superagent@6.1.0!cjs": "fcf1c0b17cb3ff899b59ae178fc4ab74ad3b592d7fa8b44b16394001758e3176",
    "https://jspm.dev/npm:superagent@6.1.0/lib/agent-base!cjs": "cfe465965a55d80114d835143717413945d0bbc46355d0f7f8200a89902ed006",
    "https://jspm.dev/npm:superagent@6.1.0/lib/is-object!cjs": "95f67ff49b42fd5e82114b9d54a4b3fe1ac98813aed7ceaf53d314983f59820a",
    "https://jspm.dev/npm:superagent@6.1.0/lib/request-base!cjs": "e361c341aa75d7417c918bc8fb697d0ccf96101e039dd2f00e5e45c01c534caa",
    "https://jspm.dev/npm:superagent@6.1.0/lib/response-base!cjs": "00ac549f34d73c2753caa798aa7eb781051179013e3418ff0868a1e1904a8913",
    "https://jspm.dev/npm:superagent@6.1.0/lib/utils!cjs": "ea706523553983c96ef4ab2f191c61c53fb8b78ad8ff2472b48f1385e896c030",
    "https://jspm.dev/superagent@6.1.0": "4b3082d71252c42abd3930d85d1f3c4b2e937e0fab2b5f1c9d19eac20dea89a9"
  }
}
