{
  "version": "3",
  "packages": {
    "specifiers": {
      "jsr:@cross/deepmerge@^1.0.0": "jsr:@cross/deepmerge@1.0.0",
      "jsr:@oak/commons@^1.0": "jsr:@oak/commons@1.0.0",
      "jsr:@oak/oak@^17.0.0": "jsr:@oak/oak@17.0.0",
      "jsr:@std/assert@^1.0": "jsr:@std/assert@1.0.5",
      "jsr:@std/assert@^1.0.2": "jsr:@std/assert@1.0.5",
      "jsr:@std/async@^1.0.3": "jsr:@std/async@1.0.3",
      "jsr:@std/bytes@^1.0": "jsr:@std/bytes@1.0.2",
      "jsr:@std/bytes@^1.0.2": "jsr:@std/bytes@1.0.2",
      "jsr:@std/cli@^1.0.3": "jsr:@std/cli@1.0.3",
      "jsr:@std/crypto@^1.0": "jsr:@std/crypto@1.0.3",
      "jsr:@std/crypto@^1.0.2": "jsr:@std/crypto@1.0.3",
      "jsr:@std/encoding@^1.0": "jsr:@std/encoding@1.0.5",
      "jsr:@std/encoding@^1.0.1": "jsr:@std/encoding@1.0.5",
      "jsr:@std/encoding@^1.0.5": "jsr:@std/encoding@1.0.5",
      "jsr:@std/fs@^1.0.1": "jsr:@std/fs@1.0.3",
      "jsr:@std/http@^1.0": "jsr:@std/http@1.0.6",
      "jsr:@std/internal@^1.0.3": "jsr:@std/internal@1.0.3",
      "jsr:@std/io@0.224": "jsr:@std/io@0.224.8",
      "jsr:@std/io@^0.224.4": "jsr:@std/io@0.224.8",
      "jsr:@std/media-types@^1.0": "jsr:@std/media-types@1.0.3",
      "jsr:@std/media-types@^1.0.2": "jsr:@std/media-types@1.0.3",
      "jsr:@std/path@^1.0": "jsr:@std/path@1.0.6",
      "jsr:@std/path@^1.0.2": "jsr:@std/path@1.0.6",
      "jsr:@std/path@^1.0.4": "jsr:@std/path@1.0.6",
      "jsr:@std/testing@^1.0.0": "jsr:@std/testing@1.0.0",
      "jsr:@std/yaml@^0.224.0": "jsr:@std/yaml@0.224.3",
      "npm:@anthropic-ai/tokenizer": "npm:@anthropic-ai/tokenizer@0.0.4",
      "npm:glob-to-regexp": "npm:glob-to-regexp@0.4.1",
      "npm:path-to-regexp@6.2.1": "npm:path-to-regexp@6.2.1",
      "npm:swagger-jsdoc@6.2.8": "npm:swagger-jsdoc@6.2.8"
    },
    "jsr": {
      "@cross/deepmerge@1.0.0": {
        "integrity": "1e1318a74e31ba1959b9aa0acae8bd417b806f74ffd25ac07c90e12f83ad6b1d"
      },
      "@oak/commons@1.0.0": {
        "integrity": "49805b55603c3627a9d6235c0655aa2b6222d3036b3a13ff0380c16368f607ac",
        "dependencies": [
          "jsr:@std/assert@^1.0",
          "jsr:@std/bytes@^1.0",
          "jsr:@std/crypto@^1.0",
          "jsr:@std/encoding@^1.0",
          "jsr:@std/http@^1.0",
          "jsr:@std/media-types@^1.0"
        ]
      },
      "@oak/oak@17.0.0": {
        "integrity": "1be33e585080d8ce5093963469a05ed265f1d5f139421c9b0fda8419a533ebee",
        "dependencies": [
          "jsr:@oak/commons@^1.0",
          "jsr:@std/assert@^1.0",
          "jsr:@std/bytes@^1.0",
          "jsr:@std/crypto@^1.0",
          "jsr:@std/http@^1.0",
          "jsr:@std/io@0.224",
          "jsr:@std/media-types@^1.0",
          "jsr:@std/path@^1.0",
          "npm:path-to-regexp@6.2.1"
        ]
      },
      "@std/assert@1.0.5": {
        "integrity": "e37da8e4033490ce613eec4ac1d78dba1faf5b02a3f6c573a28f15365b9b440f",
        "dependencies": [
          "jsr:@std/internal@^1.0.3"
        ]
      },
      "@std/async@1.0.3": {
        "integrity": "6ed64678db43451683c6c176a21426a2ccd21ba0269ebb2c36133ede3f165792"
      },
      "@std/bytes@1.0.2": {
        "integrity": "fbdee322bbd8c599a6af186a1603b3355e59a5fb1baa139f8f4c3c9a1b3e3d57"
      },
      "@std/cli@1.0.3": {
        "integrity": "9a0488b5d2e58d29dce106a941eecec7181fae996bf0d2225563f1ca7e4b100c"
      },
      "@std/crypto@1.0.3": {
        "integrity": "a2a32f51ddef632d299e3879cd027c630dcd4d1d9a5285d6e6788072f4e51e7f"
      },
      "@std/encoding@1.0.5": {
        "integrity": "ecf363d4fc25bd85bd915ff6733a7e79b67e0e7806334af15f4645c569fefc04"
      },
      "@std/fs@1.0.3": {
        "integrity": "3cb839b1360b0a42d8b367c3093bfe4071798e6694fa44cf1963e04a8edba4fe",
        "dependencies": [
          "jsr:@std/path@^1.0.4"
        ]
      },
      "@std/http@1.0.6": {
        "integrity": "20a6f3fa4a914fbb19ea96572f2519b656232597092581ed706cd865d842d0d0",
        "dependencies": [
          "jsr:@std/encoding@^1.0.5"
        ]
      },
      "@std/internal@1.0.3": {
        "integrity": "208e9b94a3d5649bd880e9ca38b885ab7651ab5b5303a56ed25de4755fb7b11e"
      },
      "@std/io@0.224.8": {
        "integrity": "f525d05d51fd873de6352b9afcf35cab9ab5dc448bf3c20e0c8b521ded9be392",
        "dependencies": [
          "jsr:@std/bytes@^1.0.2"
        ]
      },
      "@std/media-types@1.0.3": {
        "integrity": "b12d30a7852f7578f4d210622df713bbfd1cbdd9b4ec2eaf5c1845ab70bab159"
      },
      "@std/path@1.0.6": {
        "integrity": "ab2c55f902b380cf28e0eec501b4906e4c1960d13f00e11cfbcd21de15f18fed"
      },
      "@std/testing@1.0.0": {
        "integrity": "27cfc06392c69c2acffe54e6d0bcb5f961cf193f519255372bd4fff1481bfef8",
        "dependencies": [
          "jsr:@std/assert@^1.0.2"
        ]
      },
      "@std/yaml@0.224.3": {
        "integrity": "9da1ed0094f42ba24570b4d88a094b44a793ac7f2bc085c1939d3ac7e11cc0bb"
      }
    },
    "npm": {
      "@anthropic-ai/tokenizer@0.0.4": {
        "integrity": "sha512-EHRKbxlxlc8W4KCBEseByJ7YwyYCmgu9OyN59H9+IYIGPoKv8tXyQXinkeGDI+cI8Tiuz9wk2jZb/kK7AyvL7g==",
        "dependencies": {
          "@types/node": "@types/node@18.19.39",
          "tiktoken": "tiktoken@1.0.15"
        }
      },
      "@apidevtools/json-schema-ref-parser@9.1.2": {
        "integrity": "sha512-r1w81DpR+KyRWd3f+rk6TNqMgedmAxZP5v5KWlXQWlgMUUtyEJch0DKEci1SorPMiSeM8XPl7MZ3miJ60JIpQg==",
        "dependencies": {
          "@jsdevtools/ono": "@jsdevtools/ono@7.1.3",
          "@types/json-schema": "@types/json-schema@7.0.15",
          "call-me-maybe": "call-me-maybe@1.0.2",
          "js-yaml": "js-yaml@4.1.0"
        }
      },
      "@apidevtools/openapi-schemas@2.1.0": {
        "integrity": "sha512-Zc1AlqrJlX3SlpupFGpiLi2EbteyP7fXmUOGup6/DnkRgjP9bgMM/ag+n91rsv0U1Gpz0H3VILA/o3bW7Ua6BQ==",
        "dependencies": {}
      },
      "@apidevtools/swagger-methods@3.0.2": {
        "integrity": "sha512-QAkD5kK2b1WfjDS/UQn/qQkbwF31uqRjPTrsCs5ZG9BQGAkjwvqGFjjPqAuzac/IYzpPtRzjCP1WrTuAIjMrXg==",
        "dependencies": {}
      },
      "@apidevtools/swagger-parser@10.0.3_openapi-types@12.1.3": {
        "integrity": "sha512-sNiLY51vZOmSPFZA5TF35KZ2HbgYklQnTSDnkghamzLb3EkNtcQnrBQEj5AOCxHpTtXpqMCRM1CrmV2rG6nw4g==",
        "dependencies": {
          "@apidevtools/json-schema-ref-parser": "@apidevtools/json-schema-ref-parser@9.1.2",
          "@apidevtools/openapi-schemas": "@apidevtools/openapi-schemas@2.1.0",
          "@apidevtools/swagger-methods": "@apidevtools/swagger-methods@3.0.2",
          "@jsdevtools/ono": "@jsdevtools/ono@7.1.3",
          "call-me-maybe": "call-me-maybe@1.0.2",
          "openapi-types": "openapi-types@12.1.3",
          "z-schema": "z-schema@5.0.6"
        }
      },
      "@jsdevtools/ono@7.1.3": {
        "integrity": "sha512-4JQNk+3mVzK3xh2rqd6RB4J46qUR19azEHBneZyTZM+c456qOrbbM/5xcR8huNCCcbVt7+UmizG6GuUvPvKUYg==",
        "dependencies": {}
      },
      "@types/json-schema@7.0.15": {
        "integrity": "sha512-5+fP8P8MFNC+AyZCDxrB2pkZFPGzqQWUzpSeuuVLvm8VMcorNYavBqoFcxK8bQz4Qsbn4oUEEem4wDLfcysGHA==",
        "dependencies": {}
      },
      "@types/node@18.19.39": {
        "integrity": "sha512-nPwTRDKUctxw3di5b4TfT3I0sWDiWoPQCZjXhvdkINntwr8lcoVCKsTgnXeRubKIlfnV+eN/HYk6Jb40tbcEAQ==",
        "dependencies": {
          "undici-types": "undici-types@5.26.5"
        }
      },
      "argparse@2.0.1": {
        "integrity": "sha512-8+9WqebbFzpX9OR+Wa6O29asIogeRMzcGtAINdpMHHyAg10f05aSFVBbcEqGf/PXw1EjAZ+q2/bEBg3DvurK3Q==",
        "dependencies": {}
      },
      "balanced-match@1.0.2": {
        "integrity": "sha512-3oSeUO0TMV67hN1AmbXsK4yaqU7tjiHlbxRDZOpH0KW9+CeX4bRAaX0Anxt0tx2MrpRpWwQaPwIlISEJhYU5Pw==",
        "dependencies": {}
      },
      "brace-expansion@1.1.11": {
        "integrity": "sha512-iCuPHDFgrHX7H2vEI/5xpz07zSHB00TpugqhmYtVmMO6518mCuRMoOYFldEBl0g187ufozdaHgWKcYFb61qGiA==",
        "dependencies": {
          "balanced-match": "balanced-match@1.0.2",
          "concat-map": "concat-map@0.0.1"
        }
      },
      "call-me-maybe@1.0.2": {
        "integrity": "sha512-HpX65o1Hnr9HH25ojC1YGs7HCQLq0GCOibSaWER0eNpgJ/Z1MZv2mTc7+xh6WOPxbRVcmgbv4hGU+uSQ/2xFZQ==",
        "dependencies": {}
      },
      "commander@10.0.1": {
        "integrity": "sha512-y4Mg2tXshplEbSGzx7amzPwKKOCGuoSRP/CjEdwwk0FOGlUbq6lKuoyDZTNZkmxHdJtp54hdfY/JUrdL7Xfdug==",
        "dependencies": {}
      },
      "commander@6.2.0": {
        "integrity": "sha512-zP4jEKbe8SHzKJYQmq8Y9gYjtO/POJLgIdKgV7B9qNmABVFVc+ctqSX6iXh4mCpJfRBOabiZ2YKPg8ciDw6C+Q==",
        "dependencies": {}
      },
      "concat-map@0.0.1": {
        "integrity": "sha512-/Srv4dswyQNBfohGpz9o6Yb3Gz3SrUDqBH5rTuhGR7ahtlbYKnVxw2bCFMRljaA7EXHaXZ8wsHdodFvbkhKmqg==",
        "dependencies": {}
      },
      "doctrine@3.0.0": {
        "integrity": "sha512-yS+Q5i3hBf7GBkd4KG8a7eBNNWNGLTaEwwYWUijIYM7zrlYDM0BFXHjjPWlWZ1Rg7UaddZeIDmi9jF3HmqiQ2w==",
        "dependencies": {
          "esutils": "esutils@2.0.3"
        }
      },
      "esutils@2.0.3": {
        "integrity": "sha512-kVscqXk4OCp68SZ0dkgEKVi6/8ij300KBWTJq32P/dYeWTSwK41WyTxalN1eRmA5Z9UU/LX9D7FWSmV9SAYx6g==",
        "dependencies": {}
      },
      "fs.realpath@1.0.0": {
        "integrity": "sha512-OO0pH2lK6a0hZnAdau5ItzHPI6pUlvI7jMVnxUQRtw4owF2wk8lOSabtGDCTP4Ggrg2MbGnWO9X8K1t4+fGMDw==",
        "dependencies": {}
      },
      "glob-to-regexp@0.4.1": {
        "integrity": "sha512-lkX1HJXwyMcprw/5YUZc2s7DrpAiHB21/V+E1rHUrVNokkvB6bqMzT0VfV6/86ZNabt1k14YOIaT7nDvOX3Iiw==",
        "dependencies": {}
      },
      "glob@7.1.6": {
        "integrity": "sha512-LwaxwyZ72Lk7vZINtNNrywX0ZuLyStrdDtabefZKAY5ZGJhVtgdznluResxNmPitE0SAO+O26sWTHeKSI2wMBA==",
        "dependencies": {
          "fs.realpath": "fs.realpath@1.0.0",
          "inflight": "inflight@1.0.6",
          "inherits": "inherits@2.0.4",
          "minimatch": "minimatch@3.1.2",
          "once": "once@1.4.0",
          "path-is-absolute": "path-is-absolute@1.0.1"
        }
      },
      "inflight@1.0.6": {
        "integrity": "sha512-k92I/b08q4wvFscXCLvqfsHCrjrF7yiXsQuIVvVE7N82W3+aqpzuUdBbfhWcy/FZR3/4IgflMgKLOsvPDrGCJA==",
        "dependencies": {
          "once": "once@1.4.0",
          "wrappy": "wrappy@1.0.2"
        }
      },
      "inherits@2.0.4": {
        "integrity": "sha512-k/vGaX4/Yla3WzyMCvTQOXYeIHvqOKtnqBduzTHpzpQZzAskKMhZ2K+EnBiSM9zGSoIFeMpXKxa4dYeZIQqewQ==",
        "dependencies": {}
      },
      "js-yaml@4.1.0": {
        "integrity": "sha512-wpxZs9NoxZaJESJGIZTyDEaYpl0FKSA+FB9aJiyemKhMwkxQg63h4T1KJgUGHpTqPDNRcmmYLugrRjJlBtWvRA==",
        "dependencies": {
          "argparse": "argparse@2.0.1"
        }
      },
      "lodash.get@4.4.2": {
        "integrity": "sha512-z+Uw/vLuy6gQe8cfaFWD7p0wVv8fJl3mbzXh33RS+0oW2wvUqiRXiQ69gLWSLpgB5/6sU+r6BlQR0MBILadqTQ==",
        "dependencies": {}
      },
      "lodash.isequal@4.5.0": {
        "integrity": "sha512-pDo3lu8Jhfjqls6GkMgpahsF9kCyayhgykjyLMNFTKWrpVdAQtYyB4muAMWozBB4ig/dtWAmsMxLEI8wuz+DYQ==",
        "dependencies": {}
      },
      "lodash.mergewith@4.6.2": {
        "integrity": "sha512-GK3g5RPZWTRSeLSpgP8Xhra+pnjBC56q9FZYe1d5RN3TJ35dbkGy3YqBSMbyCrlbi+CM9Z3Jk5yTL7RCsqboyQ==",
        "dependencies": {}
      },
      "minimatch@3.1.2": {
        "integrity": "sha512-J7p63hRiAjw1NDEww1W7i37+ByIrOWO5XQQAzZ3VOcL0PNybwpfmV/N05zFAzwQ9USyEcX6t3UO+K5aqBQOIHw==",
        "dependencies": {
          "brace-expansion": "brace-expansion@1.1.11"
        }
      },
      "once@1.4.0": {
        "integrity": "sha512-lNaJgI+2Q5URQBkccEKHTQOPaXdUxnZZElQTZY0MFUAuaEqe1E+Nyvgdz/aIyNi6Z9MzO5dv1H8n58/GELp3+w==",
        "dependencies": {
          "wrappy": "wrappy@1.0.2"
        }
      },
      "openapi-types@12.1.3": {
        "integrity": "sha512-N4YtSYJqghVu4iek2ZUvcN/0aqH1kRDuNqzcycDxhOUpg7GdvLa2F3DgS6yBNhInhv2r/6I0Flkn7CqL8+nIcw==",
        "dependencies": {}
      },
      "path-is-absolute@1.0.1": {
        "integrity": "sha512-AVbw3UJ2e9bq64vSaS9Am0fje1Pa8pbGqTTsmXfaIiMpnr5DlDhfJOuLj9Sf95ZPVDAUerDfEk88MPmPe7UCQg==",
        "dependencies": {}
      },
      "path-to-regexp@6.2.1": {
        "integrity": "sha512-JLyh7xT1kizaEvcaXOQwOc2/Yhw6KZOvPf1S8401UyLk86CU79LN3vl7ztXGm/pZ+YjoyAJ4rxmHwbkBXJX+yw==",
        "dependencies": {}
      },
      "swagger-jsdoc@6.2.8": {
        "integrity": "sha512-VPvil1+JRpmJ55CgAtn8DIcpBs0bL5L3q5bVQvF4tAW/k/9JYSj7dCpaYCAv5rufe0vcCbBRQXGvzpkWjvLklQ==",
        "dependencies": {
          "commander": "commander@6.2.0",
          "doctrine": "doctrine@3.0.0",
          "glob": "glob@7.1.6",
          "lodash.mergewith": "lodash.mergewith@4.6.2",
          "swagger-parser": "swagger-parser@10.0.3",
          "yaml": "yaml@2.0.0-1"
        }
      },
      "swagger-parser@10.0.3": {
        "integrity": "sha512-nF7oMeL4KypldrQhac8RyHerJeGPD1p2xDh900GPvc+Nk7nWP6jX2FcC7WmkinMoAmoO774+AFXcWsW8gMWEIg==",
        "dependencies": {
          "@apidevtools/swagger-parser": "@apidevtools/swagger-parser@10.0.3_openapi-types@12.1.3"
        }
      },
      "tiktoken@1.0.15": {
        "integrity": "sha512-sCsrq/vMWUSEW29CJLNmPvWxlVp7yh2tlkAjpJltIKqp5CKf98ZNpdeHRmAlPVFlGEbswDc6SmI8vz64W/qErw==",
        "dependencies": {}
      },
      "undici-types@5.26.5": {
        "integrity": "sha512-JlCMO+ehdEIKqlFxk6IfVoAUVmgz7cU7zD/h9XZ0qzeosSHmUJVOzSQvvYSYWXkFXC+IfLKSIffhv0sVZup6pA==",
        "dependencies": {}
      },
      "validator@13.12.0": {
        "integrity": "sha512-c1Q0mCiPlgdTVVVIJIrBuxNicYE+t/7oKeI9MWLj3fh/uq2Pxh/3eeWbVZ4OcGW1TUf53At0njHw5SMdA3tmMg==",
        "dependencies": {}
      },
      "wrappy@1.0.2": {
        "integrity": "sha512-l4Sp/DRseor9wL6EvV2+TuQn63dMkPjZ/sp9XkghTEbV9KlPS1xUsZ3u7/IQO4wxtcFB4bgpQPRcR3QCvezPcQ==",
        "dependencies": {}
      },
      "yaml@2.0.0-1": {
        "integrity": "sha512-W7h5dEhywMKenDJh2iX/LABkbFnBxasD27oyXWDS/feDsxiw0dD5ncXdYXgkvAsXIY2MpW/ZKkr9IU30DBdMNQ==",
        "dependencies": {}
      },
      "z-schema@5.0.6": {
        "integrity": "sha512-+XR1GhnWklYdfr8YaZv/iu+vY+ux7V5DS5zH1DQf6bO5ufrt/5cgNhVO5qyhsjFXvsqQb/f08DWE9b6uPscyAg==",
        "dependencies": {
          "commander": "commander@10.0.1",
          "lodash.get": "lodash.get@4.4.2",
          "lodash.isequal": "lodash.isequal@4.5.0",
          "validator": "validator@13.12.0"
        }
      }
    }
  },
  "redirects": {
    "https://deno.land/std/datetime/mod.ts": "https://deno.land/std@0.224.0/datetime/mod.ts",
    "https://deno.land/x/astral/mod.ts": "https://deno.land/x/astral@0.3.5/mod.ts",
    "https://esm.sh/v135/@types/common-tags@~1.8/index.d.ts": "https://esm.sh/v135/@types/common-tags@1.8.4/index.d.ts",
    "https://esm.sh/v135/@types/diff@~5/index.d.ts": "https://esm.sh/v135/@types/diff@5.2.1/index.d.ts",
    "https://esm.sh/v135/@types/md5@~2.3/index.d.ts": "https://esm.sh/v135/@types/md5@2.3.5/index.d.ts"
  },
  "remote": {
    "https://deno.land/std@0.162.0/_util/assert.ts": "e94f2eb37cebd7f199952e242c77654e43333c1ac4c5c700e929ea3aa5489f74",
    "https://deno.land/std@0.162.0/bytes/bytes_list.ts": "aba5e2369e77d426b10af1de0dcc4531acecec27f9b9056f4f7bfbf8ac147ab4",
    "https://deno.land/std@0.162.0/bytes/equals.ts": "3c3558c3ae85526f84510aa2b48ab2ad7bdd899e2e0f5b7a8ffc85acb3a6043a",
    "https://deno.land/std@0.162.0/bytes/mod.ts": "b2e342fd3669176a27a4e15061e9d588b89c1aaf5008ab71766e23669565d179",
    "https://deno.land/std@0.162.0/fmt/colors.ts": "9e36a716611dcd2e4865adea9c4bec916b5c60caad4cdcdc630d4974e6bb8bd4",
    "https://deno.land/std@0.162.0/io/buffer.ts": "fae02290f52301c4e0188670e730cd902f9307fb732d79c4aa14ebdc82497289",
    "https://deno.land/std@0.162.0/streams/conversion.ts": "555c6c249f3acf85655f2d0af52d1cb3168e40b1c1fa26beefea501b333abe28",
    "https://deno.land/std@0.215.0/assert/assert.ts": "bec068b2fccdd434c138a555b19a2c2393b71dfaada02b7d568a01541e67cdc5",
    "https://deno.land/std@0.215.0/assert/assertion_error.ts": "9f689a101ee586c4ce92f52fa7ddd362e86434ffdf1f848e45987dc7689976b8",
    "https://deno.land/std@0.215.0/async/_util.ts": "64f8d0da48f908c651736317a36e97890ea9ea22a5e281c8acf9ee6cafbb6de9",
    "https://deno.land/std@0.215.0/async/deadline.ts": "65cf43eb30948f5122fa66a0d6c0fc166af23621632b6e440303efe164e8a0db",
    "https://deno.land/std@0.215.0/async/delay.ts": "8e1d18fe8b28ff95885e2bc54eccec1713f57f756053576d8228e6ca110793ad",
    "https://deno.land/std@0.215.0/async/retry.ts": "718335f89d1fbd2156109b05d2399a2b47c848a5a8f7237640538902526b38f7",
    "https://deno.land/std@0.215.0/fs/_get_file_info_type.ts": "da7bec18a7661dba360a1db475b826b18977582ce6fc9b25f3d4ee0403fe8cbd",
    "https://deno.land/std@0.215.0/fs/ensure_dir.ts": "dffff68de0d10799b5aa9e39dec4e327e12bbd29e762292193684542648c4aeb",
    "https://deno.land/std@0.215.0/fs/exists.ts": "d2757ef764eaf5c6c5af7228e8447db2de42ab084a2dae540097f905723d83f5",
    "https://deno.land/std@0.215.0/path/_common/assert_path.ts": "2ca275f36ac1788b2acb60fb2b79cb06027198bc2ba6fb7e163efaedde98c297",
    "https://deno.land/std@0.215.0/path/_common/basename.ts": "569744855bc8445f3a56087fd2aed56bdad39da971a8d92b138c9913aecc5fa2",
    "https://deno.land/std@0.215.0/path/_common/common.ts": "6157c7ec1f4db2b4a9a187efd6ce76dcaf1e61cfd49f87e40d4ea102818df031",
    "https://deno.land/std@0.215.0/path/_common/constants.ts": "dc5f8057159f4b48cd304eb3027e42f1148cf4df1fb4240774d3492b5d12ac0c",
    "https://deno.land/std@0.215.0/path/_common/dirname.ts": "684df4aa71a04bbcc346c692c8485594fc8a90b9408dfbc26ff32cf3e0c98cc8",
    "https://deno.land/std@0.215.0/path/_common/format.ts": "92500e91ea5de21c97f5fe91e178bae62af524b72d5fcd246d6d60ae4bcada8b",
    "https://deno.land/std@0.215.0/path/_common/from_file_url.ts": "d672bdeebc11bf80e99bf266f886c70963107bdd31134c4e249eef51133ceccf",
    "https://deno.land/std@0.215.0/path/_common/glob_to_reg_exp.ts": "2007aa87bed6eb2c8ae8381adcc3125027543d9ec347713c1ad2c68427330770",
    "https://deno.land/std@0.215.0/path/_common/normalize.ts": "684df4aa71a04bbcc346c692c8485594fc8a90b9408dfbc26ff32cf3e0c98cc8",
    "https://deno.land/std@0.215.0/path/_common/normalize_string.ts": "dfdf657a1b1a7db7999f7c575ee7e6b0551d9c20f19486c6c3f5ff428384c965",
    "https://deno.land/std@0.215.0/path/_common/relative.ts": "faa2753d9b32320ed4ada0733261e3357c186e5705678d9dd08b97527deae607",
    "https://deno.land/std@0.215.0/path/_common/strip_trailing_separators.ts": "7024a93447efcdcfeaa9339a98fa63ef9d53de363f1fbe9858970f1bba02655a",
    "https://deno.land/std@0.215.0/path/_common/to_file_url.ts": "7f76adbc83ece1bba173e6e98a27c647712cab773d3f8cbe0398b74afc817883",
    "https://deno.land/std@0.215.0/path/_interface.ts": "a1419fcf45c0ceb8acdccc94394e3e94f99e18cfd32d509aab514c8841799600",
    "https://deno.land/std@0.215.0/path/_os.ts": "8fb9b90fb6b753bd8c77cfd8a33c2ff6c5f5bc185f50de8ca4ac6a05710b2c15",
    "https://deno.land/std@0.215.0/path/basename.ts": "5d341aadb7ada266e2280561692c165771d071c98746fcb66da928870cd47668",
    "https://deno.land/std@0.215.0/path/common.ts": "03e52e22882402c986fe97ca3b5bb4263c2aa811c515ce84584b23bac4cc2643",
    "https://deno.land/std@0.215.0/path/constants.ts": "0c206169ca104938ede9da48ac952de288f23343304a1c3cb6ec7625e7325f36",
    "https://deno.land/std@0.215.0/path/dirname.ts": "85bd955bf31d62c9aafdd7ff561c4b5fb587d11a9a5a45e2b01aedffa4238a7c",
    "https://deno.land/std@0.215.0/path/extname.ts": "593303db8ae8c865cbd9ceec6e55d4b9ac5410c1e276bfd3131916591b954441",
    "https://deno.land/std@0.215.0/path/format.ts": "98fad25f1af7b96a48efb5b67378fcc8ed77be895df8b9c733b86411632162af",
    "https://deno.land/std@0.215.0/path/from_file_url.ts": "911833ae4fd10a1c84f6271f36151ab785955849117dc48c6e43b929504ee069",
    "https://deno.land/std@0.215.0/path/glob_to_regexp.ts": "5e51f78a0248c75464bf1d49173de3ec2c032880a530578e56b3fed2a57e69d3",
    "https://deno.land/std@0.215.0/path/is_absolute.ts": "4791afc8bfd0c87f0526eaa616b0d16e7b3ab6a65b62942e50eac68de4ef67d7",
    "https://deno.land/std@0.215.0/path/is_glob.ts": "a65f6195d3058c3050ab905705891b412ff942a292bcbaa1a807a74439a14141",
    "https://deno.land/std@0.215.0/path/join.ts": "ae2ec5ca44c7e84a235fd532e4a0116bfb1f2368b394db1c4fb75e3c0f26a33a",
    "https://deno.land/std@0.215.0/path/join_globs.ts": "5b3bf248b93247194f94fa6947b612ab9d3abd571ca8386cf7789038545e54a0",
    "https://deno.land/std@0.215.0/path/mod.ts": "6f856db94f6a72fc2cf69e0a85eb523aee6a3cd274470717e96f4bee0c9fe329",
    "https://deno.land/std@0.215.0/path/normalize.ts": "4155743ccceeed319b350c1e62e931600272fad8ad00c417b91df093867a8352",
    "https://deno.land/std@0.215.0/path/normalize_glob.ts": "cc89a77a7d3b1d01053b9dcd59462b75482b11e9068ae6c754b5cf5d794b374f",
    "https://deno.land/std@0.215.0/path/parse.ts": "65e8e285f1a63b714e19ef24b68f56e76934c3df0b6e65fd440d3991f4f8aefb",
    "https://deno.land/std@0.215.0/path/posix/_util.ts": "1e3937da30f080bfc99fe45d7ed23c47dd8585c5e473b2d771380d3a6937cf9d",
    "https://deno.land/std@0.215.0/path/posix/basename.ts": "39ee27a29f1f35935d3603ccf01d53f3d6e0c5d4d0f84421e65bd1afeff42843",
    "https://deno.land/std@0.215.0/path/posix/common.ts": "26f60ccc8b2cac3e1613000c23ac5a7d392715d479e5be413473a37903a2b5d4",
    "https://deno.land/std@0.215.0/path/posix/constants.ts": "93481efb98cdffa4c719c22a0182b994e5a6aed3047e1962f6c2c75b7592bef1",
    "https://deno.land/std@0.215.0/path/posix/dirname.ts": "6535d2bdd566118963537b9dda8867ba9e2a361015540dc91f5afbb65c0cce8b",
    "https://deno.land/std@0.215.0/path/posix/extname.ts": "8d36ae0082063c5e1191639699e6f77d3acf501600a3d87b74943f0ae5327427",
    "https://deno.land/std@0.215.0/path/posix/format.ts": "185e9ee2091a42dd39e2a3b8e4925370ee8407572cee1ae52838aed96310c5c1",
    "https://deno.land/std@0.215.0/path/posix/from_file_url.ts": "951aee3a2c46fd0ed488899d024c6352b59154c70552e90885ed0c2ab699bc40",
    "https://deno.land/std@0.215.0/path/posix/glob_to_regexp.ts": "54d3ff40f309e3732ab6e5b19d7111d2d415248bcd35b67a99defcbc1972e697",
    "https://deno.land/std@0.215.0/path/posix/is_absolute.ts": "cebe561ad0ae294f0ce0365a1879dcfca8abd872821519b4fcc8d8967f888ede",
    "https://deno.land/std@0.215.0/path/posix/is_glob.ts": "8a8b08c08bf731acf2c1232218f1f45a11131bc01de81e5f803450a5914434b9",
    "https://deno.land/std@0.215.0/path/posix/join.ts": "aef88d5fa3650f7516730865dbb951594d1a955b785e2450dbee93b8e32694f3",
    "https://deno.land/std@0.215.0/path/posix/join_globs.ts": "f6e2619c196b82d8fd67ba2cf680e5b44461f38bdfeec26d7b3f55bd92a85988",
    "https://deno.land/std@0.215.0/path/posix/mod.ts": "2301fc1c54a28b349e20656f68a85f75befa0ee9b6cd75bfac3da5aca9c3f604",
    "https://deno.land/std@0.215.0/path/posix/normalize.ts": "baeb49816a8299f90a0237d214cef46f00ba3e95c0d2ceb74205a6a584b58a91",
    "https://deno.land/std@0.215.0/path/posix/normalize_glob.ts": "41b477068deb832df7f51d6e2b3c0bc274d20919e20c5240d785ba535572d3d0",
    "https://deno.land/std@0.215.0/path/posix/parse.ts": "d5bac4eb21262ab168eead7e2196cb862940c84cee572eafedd12a0d34adc8fb",
    "https://deno.land/std@0.215.0/path/posix/relative.ts": "3907d6eda41f0ff723d336125a1ad4349112cd4d48f693859980314d5b9da31c",
    "https://deno.land/std@0.215.0/path/posix/resolve.ts": "bac20d9921beebbbb2b73706683b518b1d0c1b1da514140cee409e90d6b2913a",
    "https://deno.land/std@0.215.0/path/posix/to_file_url.ts": "7aa752ba66a35049e0e4a4be5a0a31ac6b645257d2e031142abb1854de250aaf",
    "https://deno.land/std@0.215.0/path/posix/to_namespaced_path.ts": "28b216b3c76f892a4dca9734ff1cc0045d135532bfd9c435ae4858bfa5a2ebf0",
    "https://deno.land/std@0.215.0/path/relative.ts": "ab739d727180ed8727e34ed71d976912461d98e2b76de3d3de834c1066667add",
    "https://deno.land/std@0.215.0/path/resolve.ts": "a6f977bdb4272e79d8d0ed4333e3d71367cc3926acf15ac271f1d059c8494d8d",
    "https://deno.land/std@0.215.0/path/to_file_url.ts": "88f049b769bce411e2d2db5bd9e6fd9a185a5fbd6b9f5ad8f52bef517c4ece1b",
    "https://deno.land/std@0.215.0/path/to_namespaced_path.ts": "b706a4103b104cfadc09600a5f838c2ba94dbcdb642344557122dda444526e40",
    "https://deno.land/std@0.215.0/path/windows/_util.ts": "d5f47363e5293fced22c984550d5e70e98e266cc3f31769e1710511803d04808",
    "https://deno.land/std@0.215.0/path/windows/basename.ts": "e2dbf31d1d6385bfab1ce38c333aa290b6d7ae9e0ecb8234a654e583cf22f8fe",
    "https://deno.land/std@0.215.0/path/windows/common.ts": "26f60ccc8b2cac3e1613000c23ac5a7d392715d479e5be413473a37903a2b5d4",
    "https://deno.land/std@0.215.0/path/windows/constants.ts": "5afaac0a1f67b68b0a380a4ef391bf59feb55856aa8c60dfc01bd3b6abb813f5",
    "https://deno.land/std@0.215.0/path/windows/dirname.ts": "33e421be5a5558a1346a48e74c330b8e560be7424ed7684ea03c12c21b627bc9",
    "https://deno.land/std@0.215.0/path/windows/extname.ts": "165a61b00d781257fda1e9606a48c78b06815385e7d703232548dbfc95346bef",
    "https://deno.land/std@0.215.0/path/windows/format.ts": "bbb5ecf379305b472b1082cd2fdc010e44a0020030414974d6029be9ad52aeb6",
    "https://deno.land/std@0.215.0/path/windows/from_file_url.ts": "ced2d587b6dff18f963f269d745c4a599cf82b0c4007356bd957cb4cb52efc01",
    "https://deno.land/std@0.215.0/path/windows/glob_to_regexp.ts": "6dcd1242bd8907aa9660cbdd7c93446e6927b201112b0cba37ca5d80f81be51b",
    "https://deno.land/std@0.215.0/path/windows/is_absolute.ts": "4a8f6853f8598cf91a835f41abed42112cebab09478b072e4beb00ec81f8ca8a",
    "https://deno.land/std@0.215.0/path/windows/is_glob.ts": "8a8b08c08bf731acf2c1232218f1f45a11131bc01de81e5f803450a5914434b9",
    "https://deno.land/std@0.215.0/path/windows/join.ts": "e0b3356615c1a75c56ebb6a7311157911659e11fd533d80d724800126b761ac3",
    "https://deno.land/std@0.215.0/path/windows/join_globs.ts": "f6e2619c196b82d8fd67ba2cf680e5b44461f38bdfeec26d7b3f55bd92a85988",
    "https://deno.land/std@0.215.0/path/windows/mod.ts": "a9883fbf59e52d12f293f9e0dc394b1fbeab5b77eccea9d713091a9e65e90a37",
    "https://deno.land/std@0.215.0/path/windows/normalize.ts": "78126170ab917f0ca355a9af9e65ad6bfa5be14d574c5fb09bb1920f52577780",
    "https://deno.land/std@0.215.0/path/windows/normalize_glob.ts": "c57c186b0785ba5320a85e573c264f42c46eb1d0a4a78611f4791a7083baaa17",
    "https://deno.land/std@0.215.0/path/windows/parse.ts": "b9239edd892a06a06625c1b58425e199f018ce5649ace024d144495c984da734",
    "https://deno.land/std@0.215.0/path/windows/relative.ts": "3e1abc7977ee6cc0db2730d1f9cb38be87b0ce4806759d271a70e4997fc638d7",
    "https://deno.land/std@0.215.0/path/windows/resolve.ts": "75b2e3e1238d840782cee3d8864d82bfaa593c7af8b22f19c6422cf82f330ab3",
    "https://deno.land/std@0.215.0/path/windows/separator.ts": "e51c5522140eff4f8402617c5c68a201fdfa3a1a8b28dc23587cff931b665e43",
    "https://deno.land/std@0.215.0/path/windows/to_file_url.ts": "1cd63fd35ec8d1370feaa4752eccc4cc05ea5362a878be8dc7db733650995484",
    "https://deno.land/std@0.215.0/path/windows/to_namespaced_path.ts": "4ffa4fb6fae321448d5fe810b3ca741d84df4d7897e61ee29be961a6aac89a4c",
    "https://deno.land/std@0.221.0/encoding/_util.ts": "beacef316c1255da9bc8e95afb1fa56ed69baef919c88dc06ae6cb7a6103d376",
    "https://deno.land/std@0.221.0/encoding/base64.ts": "8ccae67a1227b875340a8582ff707f37b131df435b07080d3bb58e07f5f97807",
    "https://deno.land/std@0.221.0/fmt/colors.ts": "d239d84620b921ea520125d778947881f62c50e78deef2657073840b8af9559a",
    "https://deno.land/std@0.221.0/io/types.ts": "acecb3074c730b5ff487ba4fe9ce51e67bd982aa07c95e5f5679b7b2f24ad129",
    "https://deno.land/std@0.224.0/datetime/_date_time_formatter.ts": "b810c4c0d8f7aafe765fb963efdbf704acceb0730f5b242a7ec46df37834307c",
    "https://deno.land/std@0.224.0/datetime/constants.ts": "5df80a84e301da6db5793804122c034d2d090da31f1e1c5fdaa831fc70a45da7",
    "https://deno.land/std@0.224.0/datetime/day_of_year.ts": "5e513e239bd473e86d6a869d154720e9b6b8c86e1f14330ed5bb97575d9fa07b",
    "https://deno.land/std@0.224.0/datetime/difference.ts": "8da08374910cae7d316cd7669912b70465f36d4e159e2c9f525a441f91fa9c7a",
    "https://deno.land/std@0.224.0/datetime/format.ts": "8a550406530533c4aba101d471695f7f96c0eae61c1346748708eb333290d5f8",
    "https://deno.land/std@0.224.0/datetime/is_leap.ts": "77f6eb9a4b7ea2a2dedbfecf75fd0a3f8f0e1610f708480e692f401f29e72650",
    "https://deno.land/std@0.224.0/datetime/mod.ts": "6a49163dd0c7986658ed425b3555da5312252e5f5156bced6ae7199e651aa83b",
    "https://deno.land/std@0.224.0/datetime/parse.ts": "d6dea8b3e394908dfd016bbe4545f260da4032493294aee1d10a3cf194c191cb",
    "https://deno.land/std@0.224.0/datetime/week_of_year.ts": "ecaff056953753db3dabc9a769f80ff7ea7be79ae1e34edb5e2bda336f685757",
    "https://deno.land/std@0.53.0/fmt/colors.ts": "ec9d653672a9a3c7b6eafe53c5bc797364a2db2dcf766ab649c1155fea7a80b2",
    "https://deno.land/x/astral@0.3.5/bindings/celestial.ts": "637f41276b9b344f57dc7443b287b4277ef4bd71fc9db17b8a0636fae448e996",
    "https://deno.land/x/astral@0.3.5/mod.ts": "c07ced6f4434b839ff4ab90e7eec00da31e31c593ae8938f37a9e87e217f16d4",
    "https://deno.land/x/astral@0.3.5/src/browser.ts": "4f7caa7c8c2a3fddc9678e6127b73ee22cfc1d251babdcf8af336fbdd53aa671",
    "https://deno.land/x/astral@0.3.5/src/cache.ts": "3329db05d4b26e181193657878961b6b457d49d47c5cde22ddda3f7d36792181",
    "https://deno.land/x/astral@0.3.5/src/dialog.ts": "2b198b672d88c14ca33ee70d8f959a91ccc70375b71c4bc16b1a24bbdc6396d7",
    "https://deno.land/x/astral@0.3.5/src/element_handle.ts": "ea32933d004bbcb279a0b2025833974950dbf9df7b38c02d23d81b4e17b76168",
    "https://deno.land/x/astral@0.3.5/src/file_chooser.ts": "555c43439379f0dce41a897950c0d42e62ec0e8737b6cd947a85e9cb683378e2",
    "https://deno.land/x/astral@0.3.5/src/keyboard.ts": "84b65bd9ae7594c61a7f7952857d70caa0f3d60250da989fce31c54390cb8f53",
    "https://deno.land/x/astral@0.3.5/src/mouse.ts": "9d3eb409afea003a54ceb42f29b61ec56854c7528c5761a494ea8b095ae8af8d",
    "https://deno.land/x/astral@0.3.5/src/page.ts": "ca3b7915d6857e38e46b8159e5503e7fd70723067fa92c6d886b4ecf8124e19a",
    "https://deno.land/x/astral@0.3.5/src/touchscreen.ts": "ceca95f3a790ea71505d79bae51c4300d4b6424af2b41f4012270f955a892500",
    "https://deno.land/x/astral@0.3.5/src/util.ts": "19ddbc7345b8832de44a2dd876293703ef5ef672895d1ad02adf904d055ad565",
    "https://deno.land/x/cliffy@v1.0.0-rc.4/ansi/ansi.ts": "481e382126922ff686dd664f4bae6bc44df44bc5ed883c0f5f8a8b3776e5a983",
    "https://deno.land/x/cliffy@v1.0.0-rc.4/ansi/ansi_escapes.ts": "193b3c3a4e520274bd8322ca4cab1c3ce38070bed1898cb2ade12a585dddd7c9",
    "https://deno.land/x/cliffy@v1.0.0-rc.4/ansi/chain.ts": "eca61b1b64cad7b9799490c12c7aa5538d0f63ac65a73ddb6acac8b35f0a5323",
    "https://deno.land/x/cliffy@v1.0.0-rc.4/ansi/colors.ts": "21c6702197d0871c700279d22fc54e4b15152be4ece1f433d6714595b018d265",
    "https://deno.land/x/cliffy@v1.0.0-rc.4/ansi/cursor_position.ts": "7a07410b312885db92ada9ecab095db0ff72ffe339b4e2d31e8c705f2c60c7fa",
    "https://deno.land/x/cliffy@v1.0.0-rc.4/ansi/deps.ts": "4d93b041735f4967fa56c7aeb6be490c07522fb81c419f5fe3bef6b72190db8c",
    "https://deno.land/x/cliffy@v1.0.0-rc.4/ansi/mod.ts": "8713c4babbb279615d325e386c318674650fe61855388e2f8a5b4809fdaf4d00",
    "https://deno.land/x/cliffy@v1.0.0-rc.4/ansi/tty.ts": "a42ec713ff18186492c4b5184039d4f54174065773fa5833330b543c53bb4d79",
    "https://deno.land/x/cors@v1.2.2/abcCors.ts": "cdf83a7eaa69a1bf3ab910d18b9422217902fac47601adcaf0afac5a61845d48",
    "https://deno.land/x/cors@v1.2.2/attainCors.ts": "7d6aba0f942495cc31119604e0895c9bb8edd8f8baa7fe78e6c655bd0b4cbf59",
    "https://deno.land/x/cors@v1.2.2/cors.ts": "0e2d9167e3685f9bcf48f565e312b6e1883fa458f7337e5ce7bc2e3b29767980",
    "https://deno.land/x/cors@v1.2.2/mithCors.ts": "3a359d6e716e0410ede278ab54d875b293a2d66d838aaa7cfbf9ddc1e9e990d3",
    "https://deno.land/x/cors@v1.2.2/mod.ts": "2b351913f56d77ad80cb3b8633d4539c9eeddb426dae79437ada0e6a9cb4f1a6",
    "https://deno.land/x/cors@v1.2.2/oakCors.ts": "1348dc7673c61b85d2e80559a7b44f8e0246eaa6bcc6ec744fafe5d9b13b5c71",
    "https://deno.land/x/cors@v1.2.2/opineCors.ts": "fb5790115c26b7061d84b8d6c17d258a1e241bcab75b0bc3ca1fdb2e57bc5072",
    "https://deno.land/x/cors@v1.2.2/types.ts": "97546633ccc7f0df7a29bacba5d91dc6f61decdd1b65258300244dba905d34b8",
    "https://deno.land/x/dir@1.5.2/cache_dir/mod.ts": "8a82889db79c547fbbd3536c9c964047657b19fb59365c5fa59afc46082f9fe5",
    "https://deno.land/x/oak_logger@1.0.0/mod.ts": "10253fd9517a71d3c0771fcf2d9bd9297874160794d470597afce4102b0d51b3",
    "https://deno.land/x/progress@v1.3.9/deps.ts": "83050e627263931d853ba28b7c15c80bf4be912bea7e0d3d13da2bc0aaf7889d",
    "https://deno.land/x/progress@v1.3.9/mod.ts": "ca14ba3c56fc5991c4beee622faeb882e59db8f28d4f5e529ac17b7b07d55741",
    "https://deno.land/x/progress@v1.3.9/multi.ts": "1de7edf67047ba0050edf63229970f2cbf9cd069342fcd29444a3800d4cfdcbc",
    "https://deno.land/x/progress@v1.3.9/time.ts": "f5b302425cef076958c9352030f48a79bd7b54316b4057f99192884b5e140ea0",
    "https://deno.land/x/zipjs@v2.7.29/index.js": "7c71926e0c9618e48a22d9dce701131704fd3148a1d2eefd5dba1d786c846a5f",
    "https://deno.land/x/zipjs@v2.7.29/lib/core/codec-pool.js": "e5ab8ee3ec800ed751ef1c63a1bd8e50f162aa256a5f625d173d7a32e76e828c",
    "https://deno.land/x/zipjs@v2.7.29/lib/core/codec-worker.js": "744b7e149df6f2d105afbcb9cce573df2fbf7bf1c2e14c3689220c2dedeabe65",
    "https://deno.land/x/zipjs@v2.7.29/lib/core/configuration.js": "baa316a63df2f8239f9d52cd4863eaedaddd34ad887b7513588da75d19e84932",
    "https://deno.land/x/zipjs@v2.7.29/lib/core/constants.js": "14fe1468b87cd0fe20c6f1fec916485f875d8592beba94c9241af4cbd12dd88f",
    "https://deno.land/x/zipjs@v2.7.29/lib/core/io.js": "4c4e86ba187540be533003271f222183455897cd144cb542539e9480882c2dda",
    "https://deno.land/x/zipjs@v2.7.29/lib/core/streams/aes-crypto-stream.js": "63988c9f3ce1e043c80e6eb140ebb07bf2ab543ee9a85349651ab74b96aab2cf",
    "https://deno.land/x/zipjs@v2.7.29/lib/core/streams/codec-stream.js": "685f1120b94b6295dcd61b195d6202cd24a5344e4588dc52f42e8ac0f9dfe294",
    "https://deno.land/x/zipjs@v2.7.29/lib/core/streams/codecs/crc32.js": "dfdde666f72b4a5ffc8cf5b1451e0db578ce4bd90de20df2cff5bfd47758cb23",
    "https://deno.land/x/zipjs@v2.7.29/lib/core/streams/codecs/deflate.js": "08c1b24d1845528f6db296570d690ecbe23c6c01c6cb26b561e601e770281c3a",
    "https://deno.land/x/zipjs@v2.7.29/lib/core/streams/codecs/inflate.js": "55d00eed332cf2c4f61e2ee23133e3257768d0608572ee3f9641a2921c3a6f67",
    "https://deno.land/x/zipjs@v2.7.29/lib/core/streams/codecs/sjcl.js": "462289c5312f01bba8a757a7a0f3d8f349f471183cb4c49fb73d58bba18a5428",
    "https://deno.land/x/zipjs@v2.7.29/lib/core/streams/common-crypto.js": "4d462619848d94427fcd486fd94e5c0741af60e476df6720da8224b086eba47e",
    "https://deno.land/x/zipjs@v2.7.29/lib/core/streams/crc32-stream.js": "10e26bd18df0e1e89d61a62827a1a1c19f4e541636dd0eccbd85af3afabce289",
    "https://deno.land/x/zipjs@v2.7.29/lib/core/streams/stream-adapter.js": "9e7f3fe1601cc447943cd37b5adb6d74c6e9c404d002e707e8eace7bc048929c",
    "https://deno.land/x/zipjs@v2.7.29/lib/core/streams/zip-crypto-stream.js": "19305af1e8296e7fa6763f3391d0b8149a1e09c659e1d1ff32a484448b18243c",
    "https://deno.land/x/zipjs@v2.7.29/lib/core/streams/zip-entry-stream.js": "01d4dc0843e8c43d32454cbb15e4d1f9b7122ab288d7650129d010df54bc0b8e",
    "https://deno.land/x/zipjs@v2.7.29/lib/core/util/cp437-decode.js": "d665ded184037ffe5d255be8f379f90416053e3d0d84fac95b28f4aeaab3d336",
    "https://deno.land/x/zipjs@v2.7.29/lib/core/util/decode-text.js": "c04a098fa7c16470c48b6abd4eb4ac48af53547de65e7c8f39b78ae62330ad57",
    "https://deno.land/x/zipjs@v2.7.29/lib/core/util/default-mime-type.js": "177ae00e1956d3d00cdefc40eb158cb591d3d24ede452c056d30f98d73d9cd73",
    "https://deno.land/x/zipjs@v2.7.29/lib/core/util/encode-text.js": "c51a8947c15b7fe31b0036b69fd68817f54b30ce29502b5c9609d8b15e3b20d9",
    "https://deno.land/x/zipjs@v2.7.29/lib/core/util/mime-type.js": "6c6dfa4daf98ef59cd65118073b74f327ceab2ef28140e38934b0d15eb2b5c29",
    "https://deno.land/x/zipjs@v2.7.29/lib/core/util/stream-codec-shim.js": "1323016ec3c743942dc887215832badc7f2c1e8dbb37b71c94bf54276d2b281a",
    "https://deno.land/x/zipjs@v2.7.29/lib/core/zip-entry.js": "d30a535cd1e75ef98094cd04120f178c103cdc4055d23ff747ffc6a154da8d2d",
    "https://deno.land/x/zipjs@v2.7.29/lib/core/zip-fs-core.js": "737a92a0e27083eefa2b51811dd0b9b6ffc216b3949509fbc8833bfd2a78c071",
    "https://deno.land/x/zipjs@v2.7.29/lib/core/zip-reader.js": "c918875362d7e46fc690cea0b3f81e50a0ec0b6e20f6ae35e5982de73ae45449",
    "https://deno.land/x/zipjs@v2.7.29/lib/core/zip-writer.js": "b78c099828ec3134983c259adc4d6118fbfda7f033a7e95de8176a470e9a5a54",
    "https://deno.land/x/zipjs@v2.7.29/lib/z-worker-inline.js": "a38bbe15eb011daee291b8243c3101b197aa91dcd786f1c04251bd1dda5c33e7",
    "https://deno.land/x/zipjs@v2.7.29/lib/zip-fs.js": "a733360302f5fbec9cc01543cb9fcfe7bae3f35a50d0006626ce42fe8183b63f",
    "https://esm.sh/@anthropic-ai/sdk@0.27.1": "b13dba7d9a8ad0f7c05d659da9a780902a3cdc2a45b90a332a85713921bf8e7d",
    "https://esm.sh/ajv@8.14.0": "f9e1614386fb3e60bd84ab99af7519e791d9cf29470b827dd6d676b6e75c3152",
    "https://esm.sh/common-tags@1.8.2": "6658aa223df8b03ca2c18854541041925e9c474116f62a052271583fc72b1be7",
    "https://esm.sh/diff@5.2.0": "f3b5d2c998a6afb65ebaf70af101ae0885f2daf53b4735e4fd536013056b9ef5",
    "https://esm.sh/md5@2.3.0": "945ae01ba34495669a361660487d10510a08eb7d1e0411287ef1d19a8f0367d6",
    "https://esm.sh/preact-render-to-string@6.5.10": "3fd2f187e44d058fc4131fcaaef567ea1d71aa469f8c49e8f0c1c56a192fc84a",
    "https://esm.sh/preact@10.23.2": "fd82d79b57f929b5e3c3666feeafd428ef621da3ed5f28845da745f7cb6a3112",
    "https://esm.sh/preact@10.23.2/jsx-runtime": "e6d6770bebac50979b9838fecdbdcf6cecd088d62f03061266200cc8d6150768",
    "https://esm.sh/simple-git@3.25.0": "ede8b87aa15cd69c6a313ee838c7152ec95c768e034398f210e5fe3d2b66ee99",
    "https://esm.sh/stable/preact@10.23.2/denonext/jsx-runtime.js": "a079107149fd90896cd1713faafc20e11095a524a3fbc8397a9b2f50556c21e5",
    "https://esm.sh/stable/preact@10.23.2/denonext/preact.mjs": "298640f954324ed4a6cf4a2ae54ac91f651294e105f1fc0f6f5605f74db9e571",
    "https://esm.sh/v135/@anthropic-ai/sdk@0.27.1/denonext/_shims.js": "63c74d40a0ba9fe7ba55697a5f4695c78c05fc64a5a33045930f390b0bf01d12",
    "https://esm.sh/v135/@anthropic-ai/sdk@0.27.1/denonext/_shims/MultipartBody.js": "0c398be1a688453088b346fca64b0e0b430297d98857d114d5a8b64cb7a8508c",
    "https://esm.sh/v135/@anthropic-ai/sdk@0.27.1/denonext/_shims/auto/runtime.js": "8cf44b0746f2c2cdae9456e209cfa41e7b88a96bfa97d52d0abc01035490f810",
    "https://esm.sh/v135/@anthropic-ai/sdk@0.27.1/denonext/_shims/registry.js": "64e1cbe5777e554dbd32e9b52ce393fc8c263838368525f6c46e499446775e65",
    "https://esm.sh/v135/@anthropic-ai/sdk@0.27.1/denonext/_shims/web-runtime.js": "55b10dd13dcbd2add00ed7294255f59abc0456a545dff6d98d1ca9faa275a16b",
    "https://esm.sh/v135/@anthropic-ai/sdk@0.27.1/denonext/_vendor/partial-json-parser/parser.js": "465617e25ec6fb71a1ad37e58c5214bb55e570b4027afaafc37db59241561526",
    "https://esm.sh/v135/@anthropic-ai/sdk@0.27.1/denonext/core.js": "ee1285c269d6c48d9b32f4afea7f337cb9ae7e35df788f6aa6edf0b52e06a966",
    "https://esm.sh/v135/@anthropic-ai/sdk@0.27.1/denonext/error.js": "987ae49054d9c7fe1a3c728e0400c9d6819584095fbf0469f15001e8c2b77c12",
    "https://esm.sh/v135/@anthropic-ai/sdk@0.27.1/denonext/lib/MessageStream.js": "bd99897892b75c63a443dd4a695d652e38fd3e846b7bedce6732f5b583af2f01",
    "https://esm.sh/v135/@anthropic-ai/sdk@0.27.1/denonext/lib/PromptCachingBetaMessageStream.js": "88b2ac5df58424758b8a1bf6c2dadf52f67f3ff2f243f2773a7ae165e8cdd9a9",
    "https://esm.sh/v135/@anthropic-ai/sdk@0.27.1/denonext/resource.js": "d2d3094aa5cca47c44f4985d73051977807d1e73f8556b38683a4971ca3714ad",
    "https://esm.sh/v135/@anthropic-ai/sdk@0.27.1/denonext/resources.js": "47fdd0acbfa3edc04ecd1a8e3b0d7c139810e8fa2068772d1e5e138bd2c97b2e",
    "https://esm.sh/v135/@anthropic-ai/sdk@0.27.1/denonext/resources/beta/beta.js": "8386d23fcc4bd6845f9a760cbe406cbaf1b3c2c3b2e936cb4887586c0cda894a",
    "https://esm.sh/v135/@anthropic-ai/sdk@0.27.1/denonext/resources/beta/prompt-caching/messages.js": "dd68725ce845b684dfd763f43d74bb85ee2074d96157b800ce468df746089adc",
    "https://esm.sh/v135/@anthropic-ai/sdk@0.27.1/denonext/resources/beta/prompt-caching/prompt-caching.js": "647b68ffe59f89a30202b9056d24a8fd024a02b7e75aec10f65702752c2e0087",
    "https://esm.sh/v135/@anthropic-ai/sdk@0.27.1/denonext/resources/completions.js": "5100e0960cf395360294a83bed73b4f6783047ff0badbe3c55500577030c99a6",
    "https://esm.sh/v135/@anthropic-ai/sdk@0.27.1/denonext/resources/messages.js": "fd9364d34de09624f4ee7eac71ebe14613075289825167ac50163d50e4a89ccb",
    "https://esm.sh/v135/@anthropic-ai/sdk@0.27.1/denonext/sdk.mjs": "1b4d021f3cf01a4c72158219988367d148bd87e275c65b76c9a29c6ca2937343",
    "https://esm.sh/v135/@anthropic-ai/sdk@0.27.1/denonext/streaming.js": "ee32023656a8d23fe67908c935331fbbfe93dc1c3b70a66d2442c44937e26c80",
    "https://esm.sh/v135/@anthropic-ai/sdk@0.27.1/denonext/uploads.js": "8cf11cbabe8263b1729bb90580b5a3d2d1e53967242b1e987bb500af7acaff9f",
    "https://esm.sh/v135/@anthropic-ai/sdk@0.27.1/denonext/version.js": "18059bb50dc55a9ae2020da509be4745c98cba704911271ec34f79ca3137ca91",
    "https://esm.sh/v135/@kwsites/file-exists@1.1.1/denonext/file-exists.mjs": "97f9c5b9ea2ef3be7ee61534da62e550ab94726b5687a5a71ce981a9336849c1",
    "https://esm.sh/v135/@kwsites/promise-deferred@1.1.1/denonext/promise-deferred.mjs": "5381e8a58b7101dda78b9f256fe121583ff47cadd07da60d9ec08f0fbc0a1fff",
    "https://esm.sh/v135/ajv@8.14.0/denonext/ajv.mjs": "3482d9f50f07a91c438f89be90c1d026ff01cd762ef519ec77a54e9f172dddb4",
    "https://esm.sh/v135/charenc@0.0.2/denonext/charenc.mjs": "8e64207425484f084885f0e40db58cab999926546d8e6ce852b428f4f4fb8fdb",
    "https://esm.sh/v135/common-tags@1.8.2/denonext/common-tags.mjs": "5938099f0dfeea9540d8b855e05edcd3d3524df21354263cbcceba83fabfbbfc",
    "https://esm.sh/v135/crypt@0.0.2/denonext/crypt.mjs": "99d9bd52b40ba0bfdaf81bcf7b7c278164ddc3945323c0ef3467762839083a12",
    "https://esm.sh/v135/debug@4.3.4/denonext/debug.mjs": "d2ebf776ea77aa7df1b4460eb2a4aab245a9d5b19f11fa1db25f756b350bae9d",
    "https://esm.sh/v135/debug@4.3.5/denonext/debug.mjs": "630202cad075e6db68a6c0113dcb2cd3a9b2e0a1b63a497a82e76229ef55cb33",
    "https://esm.sh/v135/diff@5.2.0/denonext/diff.mjs": "64d4dac1270b9bc1110b92599a1ac0053259a17ec6c85551426b1ed136c1f196",
    "https://esm.sh/v135/fast-deep-equal@3.1.3/denonext/fast-deep-equal.mjs": "6313b3e05436550e1c0aeb2a282206b9b8d9213b4c6f247964dd7bb4835fb9e5",
    "https://esm.sh/v135/is-buffer@1.1.6/denonext/is-buffer.mjs": "486415c82ae4904c95e53ade28d7b5992ff49174db33763a2a7db8e7e3a01006",
    "https://esm.sh/v135/json-schema-traverse@1.0.0/denonext/json-schema-traverse.mjs": "c5da8353bc014e49ebbb1a2c0162d29969a14c325da19644e511f96ba670cc45",
    "https://esm.sh/v135/md5@2.3.0/denonext/md5.mjs": "057da476e894b4b0a09baa09ea1b9e09ffef9b796408b79c1e61a10b4b15c620",
    "https://esm.sh/v135/ms@2.1.2/denonext/ms.mjs": "aa4dc45ba72554c5011168f8910cc646c37af53cfff1a15a4decced838b8eb14",
    "https://esm.sh/v135/preact-render-to-string@6.5.10/denonext/preact-render-to-string.mjs": "e5d783d465a4595f300440aece208f866e5906a69b43bdd25b0f85faedfabb40",
    "https://esm.sh/v135/simple-git@3.25.0/denonext/simple-git.mjs": "9e3328183265bfb899d74750231fdc035fb023e9e3ddf768e0ff6e3a9bc846b4",
    "https://esm.sh/v135/uri-js@4.4.1/denonext/uri-js.mjs": "901d462f9db207376b39ec603d841d87e6b9e9568ce97dfaab12aa77d0f99f74"
  }
}
