{
  "version": "3",
  "packages": {
    "specifiers": {
      "jsr:@oak/commons@0.11": "jsr:@oak/commons@0.11.0",
      "jsr:@oak/oak@^16.0.0": "jsr:@oak/oak@16.1.0",
      "jsr:@std/assert@0.223": "jsr:@std/assert@0.223.0",
      "jsr:@std/assert@0.226": "jsr:@std/assert@0.226.0",
      "jsr:@std/assert@^0.223.0": "jsr:@std/assert@0.223.0",
      "jsr:@std/assert@^0.224.0": "jsr:@std/assert@0.224.0",
      "jsr:@std/assert@^0.226.0": "jsr:@std/assert@0.226.0",
      "jsr:@std/bytes@0.223": "jsr:@std/bytes@0.223.0",
      "jsr:@std/bytes@0.224": "jsr:@std/bytes@0.224.0",
      "jsr:@std/bytes@^0.223.0": "jsr:@std/bytes@0.223.0",
      "jsr:@std/crypto@0.223": "jsr:@std/crypto@0.223.0",
      "jsr:@std/crypto@0.224": "jsr:@std/crypto@0.224.0",
      "jsr:@std/encoding@1.0.0-rc.2": "jsr:@std/encoding@1.0.0-rc.2",
      "jsr:@std/encoding@^0.223.0": "jsr:@std/encoding@0.223.0",
      "jsr:@std/fs@^0.224.0": "jsr:@std/fs@0.224.0",
      "jsr:@std/http@0.223": "jsr:@std/http@0.223.0",
      "jsr:@std/http@0.224": "jsr:@std/http@0.224.5",
      "jsr:@std/io@0.223": "jsr:@std/io@0.223.0",
      "jsr:@std/media-types@0.223": "jsr:@std/media-types@0.223.0",
      "jsr:@std/media-types@0.224": "jsr:@std/media-types@0.224.1",
      "jsr:@std/path@0.223": "jsr:@std/path@0.223.0",
      "jsr:@std/path@^0.224.0": "jsr:@std/path@0.224.0",
      "jsr:@std/path@^0.225.1": "jsr:@std/path@0.225.2",
      "jsr:@std/ulid@^0.224.1": "jsr:@std/ulid@0.224.1",
      "npm:path-to-regexp@6.2.1": "npm:path-to-regexp@6.2.1"
    },
    "jsr": {
      "@oak/commons@0.11.0": {
        "integrity": "07702bfe5c07cd8144c422022994da1f9fea466b185824f4be63a2b1b1a65125",
        "dependencies": [
          "jsr:@std/assert@0.226",
          "jsr:@std/bytes@0.224",
          "jsr:@std/crypto@0.224",
          "jsr:@std/http@0.224",
          "jsr:@std/media-types@0.224"
        ]
      },
      "@oak/oak@16.1.0": {
        "integrity": "ab21506555fffeb08dc8f45ff5d28607e8087949ff58bd2964b27df65994480b",
        "dependencies": [
          "jsr:@oak/commons@0.11",
          "jsr:@std/assert@0.223",
          "jsr:@std/bytes@0.223",
          "jsr:@std/crypto@0.223",
          "jsr:@std/http@0.223",
          "jsr:@std/io@0.223",
          "jsr:@std/media-types@0.223",
          "jsr:@std/path@0.223",
          "npm:path-to-regexp@6.2.1"
        ]
      },
      "@std/assert@0.223.0": {
        "integrity": "eb8d6d879d76e1cc431205bd346ed4d88dc051c6366365b1af47034b0670be24"
      },
      "@std/assert@0.224.0": {
        "integrity": "8643233ec7aec38a940a8264a6e3eed9bfa44e7a71cc6b3c8874213ff401967f"
      },
      "@std/assert@0.226.0": {
        "integrity": "0dfb5f7c7723c18cec118e080fec76ce15b4c31154b15ad2bd74822603ef75b3"
      },
      "@std/bytes@0.223.0": {
        "integrity": "84b75052cd8680942c397c2631318772b295019098f40aac5c36cead4cba51a8"
      },
      "@std/bytes@0.224.0": {
        "integrity": "a2250e1d0eb7d1c5a426f21267ab9bdeac2447fa87a3d0d1a467d3f7a6058e49"
      },
      "@std/crypto@0.223.0": {
        "integrity": "1aa9555ff56b09e197ad988ea200f84bc6781fd4fd83f3a156ee44449af93000",
        "dependencies": [
          "jsr:@std/assert@^0.223.0",
          "jsr:@std/encoding@^0.223.0"
        ]
      },
      "@std/crypto@0.224.0": {
        "integrity": "154ef3ff08ef535562ef1a718718c5b2c5fc3808f0f9100daad69e829bfcdf2d",
        "dependencies": [
          "jsr:@std/assert@^0.224.0"
        ]
      },
      "@std/encoding@0.223.0": {
        "integrity": "2b5615a75e00337ce113f34cf2f9b8c18182c751a8dcc8b1a2c2fc0e117bef00"
      },
      "@std/encoding@1.0.0-rc.2": {
        "integrity": "160d7674a20ebfbccdf610b3801fee91cf6e42d1c106dd46bbaf46e395cd35ef"
      },
      "@std/fs@0.224.0": {
        "integrity": "52a5ec89731ac0ca8f971079339286f88c571a4d61686acf75833f03a89d8e69",
        "dependencies": [
          "jsr:@std/assert@^0.224.0",
          "jsr:@std/path@^0.224.0"
        ]
      },
      "@std/http@0.223.0": {
        "integrity": "15ab8a0c5a7e9d5be017a15b01600f20f66602ceec48b378939fa24fcec522aa",
        "dependencies": [
          "jsr:@std/assert@^0.223.0",
          "jsr:@std/encoding@^0.223.0"
        ]
      },
      "@std/http@0.224.5": {
        "integrity": "b03b5d1529f6c423badfb82f6640f9f2557b4034cd7c30655ba5bb447ff750a4",
        "dependencies": [
          "jsr:@std/encoding@1.0.0-rc.2"
        ]
      },
      "@std/io@0.223.0": {
        "integrity": "2d8c3c2ab3a515619b90da2c6ff5ea7b75a94383259ef4d02116b228393f84f1",
        "dependencies": [
          "jsr:@std/bytes@^0.223.0"
        ]
      },
      "@std/media-types@0.223.0": {
        "integrity": "84684680c2eb6bc6d9369c6d6f26a49decaf2c7603ff531862dda575d9d6776e"
      },
      "@std/media-types@0.224.1": {
        "integrity": "9e69a5daed37c5b5c6d3ce4731dc191f80e67f79bed392b0957d1d03b87f11e1"
      },
      "@std/path@0.223.0": {
        "integrity": "593963402d7e6597f5a6e620931661053572c982fc014000459edc1f93cc3989",
        "dependencies": [
          "jsr:@std/assert@^0.223.0"
        ]
      },
      "@std/path@0.224.0": {
        "integrity": "55bca6361e5a6d158b9380e82d4981d82d338ec587de02951e2b7c3a24910ee6",
        "dependencies": [
          "jsr:@std/assert@^0.224.0"
        ]
      },
      "@std/path@0.225.2": {
        "integrity": "0f2db41d36b50ef048dcb0399aac720a5348638dd3cb5bf80685bf2a745aa506",
        "dependencies": [
          "jsr:@std/assert@^0.226.0"
        ]
      },
      "@std/ulid@0.224.1": {
        "integrity": "4de06fdb030ff3990b1b0344e330373c11ce6051ac449fc435667a485a6723fa"
      }
    },
    "npm": {
      "path-to-regexp@6.2.1": {
        "integrity": "sha512-JLyh7xT1kizaEvcaXOQwOc2/Yhw6KZOvPf1S8401UyLk86CU79LN3vl7ztXGm/pZ+YjoyAJ4rxmHwbkBXJX+yw==",
        "dependencies": {}
      }
    }
  },
  "redirects": {
    "https://deno.land/std/datetime/mod.ts": "https://deno.land/std@0.224.0/datetime/mod.ts",
    "https://deno.land/std/yaml/mod.ts": "https://deno.land/std@0.224.0/yaml/mod.ts",
    "https://esm.sh/@types/json-schema@7.0.15/index.d.ts": "https://esm.sh/v135/@types/json-schema@7.0.15/index.d.ts"
  },
  "remote": {
    "https://deno.land/std@0.224.0/datetime/_date_time_formatter.ts": "b810c4c0d8f7aafe765fb963efdbf704acceb0730f5b242a7ec46df37834307c",
    "https://deno.land/std@0.224.0/datetime/constants.ts": "5df80a84e301da6db5793804122c034d2d090da31f1e1c5fdaa831fc70a45da7",
    "https://deno.land/std@0.224.0/datetime/day_of_year.ts": "5e513e239bd473e86d6a869d154720e9b6b8c86e1f14330ed5bb97575d9fa07b",
    "https://deno.land/std@0.224.0/datetime/difference.ts": "8da08374910cae7d316cd7669912b70465f36d4e159e2c9f525a441f91fa9c7a",
    "https://deno.land/std@0.224.0/datetime/format.ts": "8a550406530533c4aba101d471695f7f96c0eae61c1346748708eb333290d5f8",
    "https://deno.land/std@0.224.0/datetime/is_leap.ts": "77f6eb9a4b7ea2a2dedbfecf75fd0a3f8f0e1610f708480e692f401f29e72650",
    "https://deno.land/std@0.224.0/datetime/mod.ts": "6a49163dd0c7986658ed425b3555da5312252e5f5156bced6ae7199e651aa83b",
    "https://deno.land/std@0.224.0/datetime/parse.ts": "d6dea8b3e394908dfd016bbe4545f260da4032493294aee1d10a3cf194c191cb",
    "https://deno.land/std@0.224.0/datetime/week_of_year.ts": "ecaff056953753db3dabc9a769f80ff7ea7be79ae1e34edb5e2bda336f685757",
    "https://deno.land/std@0.224.0/yaml/_dumper/dumper.ts": "08b595b40841a2e1c75303f5096392323b6baf8e9662430a91e3b36fbe175fe9",
    "https://deno.land/std@0.224.0/yaml/_dumper/dumper_state.ts": "9e29f700ea876ed230b43f11fa006fcb1a62eedc1e27d32baaeaf3210f19f1e7",
    "https://deno.land/std@0.224.0/yaml/_error.ts": "f38cdebdb69cde16903d9aa2f3b8a3dd9d13e5f7f3570bf662bfaca69fef669e",
    "https://deno.land/std@0.224.0/yaml/_loader/loader.ts": "bf9e8a99770b59bc887b43ebccea108cbe9146ae32d91f7ce558d62c946d3fe3",
    "https://deno.land/std@0.224.0/yaml/_loader/loader_state.ts": "ee216de6040551940b85473c3185fdb7a6f3030b77153f87a6b7f63f82e489ea",
    "https://deno.land/std@0.224.0/yaml/_mark.ts": "61097a614857fcebf7b2ecad057916d74c90cd160117a33c9e74bac60457410a",
    "https://deno.land/std@0.224.0/yaml/_state.ts": "f3b1c1fd11860302f1f33e35e9ce089bf069d4943e8d67516cd6bedbba058c13",
    "https://deno.land/std@0.224.0/yaml/_type/binary.ts": "f1a6e1d83dcc52b21cc3639cd98be44051cfc54065cc4f2a42065bce07ebc07d",
    "https://deno.land/std@0.224.0/yaml/_type/bool.ts": "121743b23ba82a27ad6a3ec6298c7f5b0908f90e52707f8644a91f7ad51ed2ef",
    "https://deno.land/std@0.224.0/yaml/_type/float.ts": "c5ed84b0aec1ec5dc05f6abfaaff672e8890d4d44a42120b4445c9754fca4eba",
    "https://deno.land/std@0.224.0/yaml/_type/function.ts": "bbf705058942bf3370604b37eb77a10aadd72f986c237c9f69b43378a42202c1",
    "https://deno.land/std@0.224.0/yaml/_type/int.ts": "c2dc88438a60fccc8d2226042bd18b9967753adaf6bd145feb8b99d567e432ce",
    "https://deno.land/std@0.224.0/yaml/_type/map.ts": "ae2acb1cb837fb8e96c75c98611cfd45af847d0114ab5336333c318e7d4b12f4",
    "https://deno.land/std@0.224.0/yaml/_type/merge.ts": "ad0d971f91d2fb9f4ab3eba0c837eae357b1804d6b798adc99dc917bc5306b11",
    "https://deno.land/std@0.224.0/yaml/_type/mod.ts": "e8929d7b1c969a74f76338d4eb380ef8c4a26cd6441117d521f076b766e9c265",
    "https://deno.land/std@0.224.0/yaml/_type/nil.ts": "cbe4387d02d5933322c21b25d8955c5e6228c492e391a6fb82dcf4f498cc421c",
    "https://deno.land/std@0.224.0/yaml/_type/omap.ts": "cda915105ab22ba9e1d6317adacee8eec2d8ddaf864cc2f814e3e476946e72c6",
    "https://deno.land/std@0.224.0/yaml/_type/pairs.ts": "dd39bb44c1b9abaf6172c63f73350475933151f07e05253b81f7860c9b507177",
    "https://deno.land/std@0.224.0/yaml/_type/regexp.ts": "e49eb9e1c9356fd142bc15f7f323820d411fcc537b5ba3896df9a8b812d270a4",
    "https://deno.land/std@0.224.0/yaml/_type/seq.ts": "2deffc7f970869bc01a1541b4961d076329a1c2b30b95e07918f3132db7c3fe2",
    "https://deno.land/std@0.224.0/yaml/_type/set.ts": "be8a9e7237a7ffc92dfbe7f5e552d84b7eeba60f3f73cc77fc3c59d3506c74ea",
    "https://deno.land/std@0.224.0/yaml/_type/str.ts": "88f0a1ba12295520cd57e96cd78d53aa0787d53c7a1c506155f418c496c2f550",
    "https://deno.land/std@0.224.0/yaml/_type/timestamp.ts": "277a41a40fb93c3b2b3f5c373bf11b0b7856cc6a7b919e8ea130755e4029edc5",
    "https://deno.land/std@0.224.0/yaml/_type/undefined.ts": "9d215953c65740f1764e0bdca021007573473f0c49e087f00d9ff02817ecfc97",
    "https://deno.land/std@0.224.0/yaml/_utils.ts": "91bbe28b5e7000b9594e40ff5353f8fe7a7ba914eec917e1202cbaf5ac931c58",
    "https://deno.land/std@0.224.0/yaml/mod.ts": "54e9bfad77c8cd58f49b65f4d568045ff08989ed36318a2ca733a43cb6f1bc00",
    "https://deno.land/std@0.224.0/yaml/parse.ts": "f45278d9ebccb789af4eceeffa5c291e194bcf1fa9aab1b34ff52c2bd4a9d886",
    "https://deno.land/std@0.224.0/yaml/schema.ts": "a0f7956d997852b5d1c6564bd73eb7352175cfba439707ac819b65b5a2ec173a",
    "https://deno.land/std@0.224.0/yaml/schema/core.ts": "0a37c07710e3df4eb4edc02f4edf623bf8df5af72b34d8a7c0229d0bac2a7043",
    "https://deno.land/std@0.224.0/yaml/schema/default.ts": "1367fd30420c7071ecc67e5b470838474e8259aaf64460f314af4b6bd8da497c",
    "https://deno.land/std@0.224.0/yaml/schema/extended.ts": "248180c22697f37ed173057eae62ce4879865bb59f30c4908d698bed5edcc7c5",
    "https://deno.land/std@0.224.0/yaml/schema/failsafe.ts": "0ac1cae5b86d8fe2c83ad0a17f8adc33106a452b7139f84e4b0bfaee2206730e",
    "https://deno.land/std@0.224.0/yaml/schema/json.ts": "a0228a0c0bad7dece17ab848774fcadc2ccb5e51775c2d58d21d486917ba3ba1",
    "https://deno.land/std@0.224.0/yaml/schema/mod.ts": "0e1558a4823834f106675e48ddc15338e04f6f18469d1a7d6b3f0e1ab06abcb2",
    "https://deno.land/std@0.224.0/yaml/stringify.ts": "f0ed4e419cb40c807cf79ae4039d6cdf492be9a947121fff4d4b7cd1d4738bae",
    "https://deno.land/std@0.224.0/yaml/type.ts": "708dde5f20b01cc1096489b7155b6af79a217d585afb841128e78c3c2391eb5c",
    "https://deno.land/std@0.53.0/fmt/colors.ts": "ec9d653672a9a3c7b6eafe53c5bc797364a2db2dcf766ab649c1155fea7a80b2",
    "https://deno.land/x/ms@v0.1.0/ms.ts": "13014fdf12808df48f6e557cc3be22d24db5b8e29b687d710f9012df3428d2c8",
    "https://deno.land/x/oak_logger@1.0.0/mod.ts": "10253fd9517a71d3c0771fcf2d9bd9297874160794d470597afce4102b0d51b3",
    "https://esm.sh/@anthropic-ai/sdk@0.22.0": "010977f992b7af526af228bcf02ec384ae0e6acd69a7e871c992ab98eabcd63a",
    "https://esm.sh/ajv@8.14.0": "f9e1614386fb3e60bd84ab99af7519e791d9cf29470b827dd6d676b6e75c3152",
    "https://esm.sh/common-tags@1.8.2": "6658aa223df8b03ca2c18854541041925e9c474116f62a052271583fc72b1be7",
    "https://esm.sh/openai@4.24.0": "34c30d6a11babb61477eeab591205a3ed55e100b2736023f62e2c95172eaed48",
    "https://esm.sh/simple-git@3.25.0": "ede8b87aa15cd69c6a313ee838c7152ec95c768e034398f210e5fe3d2b66ee99",
    "https://esm.sh/v135/@anthropic-ai/sdk@0.22.0/denonext/_shims.js": "8bf6b17a3b3351f120ed5a1244c1f3423ad0e19a550171d3b3d9de12c638ab1b",
    "https://esm.sh/v135/@anthropic-ai/sdk@0.22.0/denonext/_shims/MultipartBody.js": "8b2bb4ce0e82b3279cbf9243861b95012782f0e6fd1f9059ae80ea26b5ec7de8",
    "https://esm.sh/v135/@anthropic-ai/sdk@0.22.0/denonext/_shims/auto/runtime.js": "2498b4b36be2fa02d76006aa078ca9a0b2907e93de7a559801e8b9251e1b8b8a",
    "https://esm.sh/v135/@anthropic-ai/sdk@0.22.0/denonext/_shims/registry.js": "6689775a2ce3d8a03ea1ab2fea79d868337aef8db22248140c0fadf4ac095f67",
    "https://esm.sh/v135/@anthropic-ai/sdk@0.22.0/denonext/_shims/web-runtime.js": "6697081b60cf8b690fbac7e589eef4fada414c4701cb07276f48cac7e9eeef14",
    "https://esm.sh/v135/@anthropic-ai/sdk@0.22.0/denonext/_vendor/partial-json-parser/parser.js": "dae8fc4cdd3c0502461c1537614c34763f7798bca025f005aaf5962f8df77cce",
    "https://esm.sh/v135/@anthropic-ai/sdk@0.22.0/denonext/core.js": "22a71f28483260824c96eb6396439bf25ba5845ea38adfc7ce3b687768e5743c",
    "https://esm.sh/v135/@anthropic-ai/sdk@0.22.0/denonext/error.js": "57684d86d2e3daeca11e4b30933e71151f513f78637a64aed5ba5854cd828a05",
    "https://esm.sh/v135/@anthropic-ai/sdk@0.22.0/denonext/lib/MessageStream.js": "c0d1b245da29c2034433624172484d22ec12066c8090548f09e2e3ad6bd4e85b",
    "https://esm.sh/v135/@anthropic-ai/sdk@0.22.0/denonext/resource.js": "57b3dbbd95e98a58c83bda8f08f8c2d76ce4e782cca44c74165131662f756f84",
    "https://esm.sh/v135/@anthropic-ai/sdk@0.22.0/denonext/resources.js": "06abdf11934eba96954cdbb5f1f440213ae7f1b4a819282a898a6c092dd89b7d",
    "https://esm.sh/v135/@anthropic-ai/sdk@0.22.0/denonext/resources/completions.js": "7303e32636c2128f4729940794767888f467bb6e24447988beed805e7c15c73c",
    "https://esm.sh/v135/@anthropic-ai/sdk@0.22.0/denonext/resources/messages.js": "0fcab404b27c991decf571dbba2cb516fe45450a8b862b194b8f38ba1e18b87a",
    "https://esm.sh/v135/@anthropic-ai/sdk@0.22.0/denonext/sdk.mjs": "28dfb86139619278859384846c2127d97d4b7c247cf98c13bd790592f14ec678",
    "https://esm.sh/v135/@anthropic-ai/sdk@0.22.0/denonext/streaming.js": "477c716fec65377658b436853fd181ea5d8a2d72417af5766190179ba498a539",
    "https://esm.sh/v135/@anthropic-ai/sdk@0.22.0/denonext/uploads.js": "d6faaf055955dde9cea9f88269ec6d4a91a5b970dacb07419e928a609a85e2c3",
    "https://esm.sh/v135/@anthropic-ai/sdk@0.22.0/denonext/version.js": "2baf51d8808b52d315c00809bf41a49aa339795a33c8724734ff0a6783448f0f",
    "https://esm.sh/v135/@kwsites/file-exists@1.1.1/denonext/file-exists.mjs": "97f9c5b9ea2ef3be7ee61534da62e550ab94726b5687a5a71ce981a9336849c1",
    "https://esm.sh/v135/@kwsites/promise-deferred@1.1.1/denonext/promise-deferred.mjs": "5381e8a58b7101dda78b9f256fe121583ff47cadd07da60d9ec08f0fbc0a1fff",
    "https://esm.sh/v135/ajv@8.14.0/denonext/ajv.mjs": "3482d9f50f07a91c438f89be90c1d026ff01cd762ef519ec77a54e9f172dddb4",
    "https://esm.sh/v135/common-tags@1.8.2/denonext/common-tags.mjs": "5938099f0dfeea9540d8b855e05edcd3d3524df21354263cbcceba83fabfbbfc",
    "https://esm.sh/v135/debug@4.3.4/denonext/debug.mjs": "d2ebf776ea77aa7df1b4460eb2a4aab245a9d5b19f11fa1db25f756b350bae9d",
    "https://esm.sh/v135/debug@4.3.5/denonext/debug.mjs": "630202cad075e6db68a6c0113dcb2cd3a9b2e0a1b63a497a82e76229ef55cb33",
    "https://esm.sh/v135/fast-deep-equal@3.1.3/denonext/fast-deep-equal.mjs": "6313b3e05436550e1c0aeb2a282206b9b8d9213b4c6f247964dd7bb4835fb9e5",
    "https://esm.sh/v135/json-schema-traverse@1.0.0/denonext/json-schema-traverse.mjs": "c5da8353bc014e49ebbb1a2c0162d29969a14c325da19644e511f96ba670cc45",
    "https://esm.sh/v135/ms@2.1.2/denonext/ms.mjs": "aa4dc45ba72554c5011168f8910cc646c37af53cfff1a15a4decced838b8eb14",
    "https://esm.sh/v135/openai@4.24.0/denonext/_shims.js": "090e81784084c6357a42bcc67fca39128d7b39efe265d1b9b8261a8513950dbc",
    "https://esm.sh/v135/openai@4.24.0/denonext/_shims/MultipartBody.js": "a1819ec468dde395172888022dd6d255f4eed4c1e69cf53bb6694c1d0cc85873",
    "https://esm.sh/v135/openai@4.24.0/denonext/_shims/auto/runtime.js": "aeecd49e7dcd5a35884e4545ddc5d385db64b3ac683a85892a910ec346f94d02",
    "https://esm.sh/v135/openai@4.24.0/denonext/_shims/registry.js": "b79ffacaf8ba8ca04719593c912ae692ef1c6b07b5d4220c547f186ecdf70a9e",
    "https://esm.sh/v135/openai@4.24.0/denonext/_shims/web-runtime.js": "9c5ba2dd41c32af2b1804db19cb777e5af83096850ad3932aac3e8b8dd70104c",
    "https://esm.sh/v135/openai@4.24.0/denonext/core.js": "733b3497bafb80d1da10a98e6cfbac80a7bb67c59b1ad12a37148883d4622d4f",
    "https://esm.sh/v135/openai@4.24.0/denonext/error.js": "43cb8be377c8bc60eb34c1529292dfbb2825c15724962b8cbeb97a5446ee50eb",
    "https://esm.sh/v135/openai@4.24.0/denonext/lib/AbstractChatCompletionRunner.js": "4fecf8333b759857f6f2bc9e7eae4ad793f5ba4ab9cf20c235efac5857af61a1",
    "https://esm.sh/v135/openai@4.24.0/denonext/lib/ChatCompletionRunner.js": "2b772df49d7ef579d3e6c889dcfb56713708a4dccecdf72a701e2772fb001183",
    "https://esm.sh/v135/openai@4.24.0/denonext/lib/ChatCompletionStream.js": "7d5c4d622252eb91ee7899dc795307e3cba457b60423c54e05a71d6adee057cd",
    "https://esm.sh/v135/openai@4.24.0/denonext/lib/ChatCompletionStreamingRunner.js": "4cfff0fd5c584b3b12e4757c5bec65f1d3925fe0a3d3a6356f4efce9b34787e5",
    "https://esm.sh/v135/openai@4.24.0/denonext/lib/RunnableFunction.js": "831d0cffbcc1c558354bc2fa201e210d626aa1a55a788c490288b169cb3f0972",
    "https://esm.sh/v135/openai@4.24.0/denonext/lib/chatCompletionUtils.js": "e7295843a1bd328daca4bb39dae7e2094881ccc4157eba4c0c2ecd92410db62b",
    "https://esm.sh/v135/openai@4.24.0/denonext/openai.mjs": "7a52f1859c16694406045b0bc2c24c15801632cc8c9f580de044cf455d8f3ee9",
    "https://esm.sh/v135/openai@4.24.0/denonext/pagination.js": "b372efeaa4d55d93529822c12246277439b39256eec7a681384cb3d8a7dcf3bc",
    "https://esm.sh/v135/openai@4.24.0/denonext/resource.js": "e7cf856f026f14fae9334af6a2f067899858ccfff5752571453aa9bc34ca2f79",
    "https://esm.sh/v135/openai@4.24.0/denonext/resources.js": "33194825f240fde86eb4bcebbbcbd77ecfe88d0ca104c6c17b78cfbffb86a270",
    "https://esm.sh/v135/openai@4.24.0/denonext/resources/audio/audio.js": "4f7ed62a3a3aa689adc503462aa903fdd2d08e6619e5a1f4f3352b43592486f2",
    "https://esm.sh/v135/openai@4.24.0/denonext/resources/audio/speech.js": "66b5c2d264bab74c946c6f60127eb9f68dfe74eb8dab7726a9778a1737aadf63",
    "https://esm.sh/v135/openai@4.24.0/denonext/resources/audio/transcriptions.js": "f1d2384572fcbb7cb788b15a9113e9646d223f792dca9a7d0ac051e014020c8b",
    "https://esm.sh/v135/openai@4.24.0/denonext/resources/audio/translations.js": "87336ffbbfe0b8dc752adf9e6692c0638ecb3d4ea897f0dc60f4c0e767e2b9f1",
    "https://esm.sh/v135/openai@4.24.0/denonext/resources/beta/assistants/assistants.js": "9d58a74903cf0effa31988d65f740c5aa61e7ee46f28cc76de6d48b8a1566b4c",
    "https://esm.sh/v135/openai@4.24.0/denonext/resources/beta/assistants/files.js": "2abccc354f51a0649c1140c5ea2ac8a6c6ecfc33754d54f7d54db6028dfac5ce",
    "https://esm.sh/v135/openai@4.24.0/denonext/resources/beta/beta.js": "14ccc138d602559958e256102f73ebf20e5c02a0fae1ba53989a3f70c1615b65",
    "https://esm.sh/v135/openai@4.24.0/denonext/resources/beta/chat/chat.js": "5fa6234c38f0688ee999e0a7b533505a17a676795cacfab12020b4a1d5f105de",
    "https://esm.sh/v135/openai@4.24.0/denonext/resources/beta/chat/completions.js": "c1cfd4e2db1a99b21d15d5cf60575b791b1fb7150574bd8ce3aefea0a831e163",
    "https://esm.sh/v135/openai@4.24.0/denonext/resources/beta/threads/messages/files.js": "46b2296f651a73901f334ccbb5698c25b18a4131c8e96fa7dff9838d46055fc8",
    "https://esm.sh/v135/openai@4.24.0/denonext/resources/beta/threads/messages/messages.js": "c0de8a102a7f87382be71d62af5d70d042ad2995a5937959098a12fad8aa3bba",
    "https://esm.sh/v135/openai@4.24.0/denonext/resources/beta/threads/runs/runs.js": "026e54fa7667fc42171d042f60aeb7520e253a213a930b2465dec0ad2bd93eca",
    "https://esm.sh/v135/openai@4.24.0/denonext/resources/beta/threads/runs/steps.js": "2dc63c23aa261d3806ea68237ff595ccd18414ede54b6a5de172c72b058343d9",
    "https://esm.sh/v135/openai@4.24.0/denonext/resources/beta/threads/threads.js": "70dcaa6f88d9de32bca01d9609cf93602a47a3e787917cf5e89664c46c17ee4b",
    "https://esm.sh/v135/openai@4.24.0/denonext/resources/chat.js": "1fb52ef72c30cf59072210db2b969e9e97fb2ee259a45e735dca0fefde4069a4",
    "https://esm.sh/v135/openai@4.24.0/denonext/resources/chat/chat.js": "e3529ce66cb2006a2f5d474c27764191bece4827958e2eb06b1d29fa0eadb177",
    "https://esm.sh/v135/openai@4.24.0/denonext/resources/chat/completions.js": "ed0f723c22153a698041882a00c31092e185427550692cc663b056954e0c83ac",
    "https://esm.sh/v135/openai@4.24.0/denonext/resources/completions.js": "ed910913ad2083e3795336fd9a291a4e9a86ee5070e180386fafa6889959746a",
    "https://esm.sh/v135/openai@4.24.0/denonext/resources/edits.js": "5e5a88ace6618bbc05680121eddaaf36ef8de8da7dfaec5a75c2e35126c4c28a",
    "https://esm.sh/v135/openai@4.24.0/denonext/resources/embeddings.js": "16a3aaace21b03efa1abb7e941487c4af76425816bee9c63d8b1f4d6ba41d6c0",
    "https://esm.sh/v135/openai@4.24.0/denonext/resources/files.js": "7c5c365474ebb1a5620d583d8b21831890d46e74e3ffb6dd06e00a5c8e79e6db",
    "https://esm.sh/v135/openai@4.24.0/denonext/resources/fine-tunes.js": "ee622bf7d3862733a3585fb87934a1da1d0d4a69fd27ce1f5b03d3b2e0bf9c66",
    "https://esm.sh/v135/openai@4.24.0/denonext/resources/fine-tuning/fine-tuning.js": "fc451bde49fc869dd3159b4ce5d5530893b6eb13f1f0d8f0ce78915e017065bb",
    "https://esm.sh/v135/openai@4.24.0/denonext/resources/fine-tuning/jobs.js": "51a6abf30d4fcd14083a6337d20bb32d0880ed5d18ffecaa23cfcfb650ac7976",
    "https://esm.sh/v135/openai@4.24.0/denonext/resources/images.js": "3614adc7d0bf63c112c09b269aa71c759c4afe662b90882989d17690c4197c0b",
    "https://esm.sh/v135/openai@4.24.0/denonext/resources/models.js": "6ede960a09a0fe1e49a6ddaab0788a5521571868dc9b62a9a0c82bbe47c8f76d",
    "https://esm.sh/v135/openai@4.24.0/denonext/resources/moderations.js": "c2edadc7ea85f0a2342df483aa227466fac7d1f29e1827c7cee71114232b707b",
    "https://esm.sh/v135/openai@4.24.0/denonext/resources/shared.js": "c47f0c10fba8f99e3ffdd5e396e1942e0e6fd43c248ccdca089d1658ccd698a1",
    "https://esm.sh/v135/openai@4.24.0/denonext/streaming.js": "ccd14e8e0c34f8c513127c047285972c538b3c0f6e0eb8a3e1740bb33db3f246",
    "https://esm.sh/v135/openai@4.24.0/denonext/uploads.js": "fe435fc794b0596ca87759eae0c42508d7e9323e655d438b98a0afd0028e7511",
    "https://esm.sh/v135/openai@4.24.0/denonext/version.js": "92bbe509b1913d76540274245251be0a411330d84a242ab893651f99bd68c7aa",
    "https://esm.sh/v135/simple-git@3.25.0/denonext/simple-git.mjs": "9e3328183265bfb899d74750231fdc035fb023e9e3ddf768e0ff6e3a9bc846b4",
    "https://esm.sh/v135/uri-js@4.4.1/denonext/uri-js.mjs": "901d462f9db207376b39ec603d841d87e6b9e9568ce97dfaab12aa77d0f99f74"
  },
  "workspace": {
    "dependencies": [
      "jsr:@oak/commons@^0.11.0",
      "jsr:@oak/oak@^16.0.0",
      "jsr:@std/assert@^0.225.3",
      "jsr:@std/crypto@^0.224.0",
      "jsr:@std/datetime@^0.224.0",
      "jsr:@std/dotenv@^0.224.0",
      "jsr:@std/encoding@^0.224.3",
      "jsr:@std/fs@^0.224.0",
      "jsr:@std/io@^0.224.1",
      "jsr:@std/log@^0.224.1",
      "jsr:@std/path@^0.225.1",
      "jsr:@std/testing@^0.224.0",
      "jsr:@std/ulid@^0.224.1",
      "jsr:@std/uuid@^0.224.3",
      "npm:@anthropic-ai/tokenizer",
      "npm:groq-sdk@0.5.0",
      "npm:swagger-jsdoc@6.2.8"
    ]
  }
}
